// !$*UTF8*$!
{
	archiveVersion = 1;
	classes = {
	};
	objectVersion = 77;
	objects = {

/* Begin PBXBuildFile section */
		4B0318AF2F7944FF0041EFC7 /* LaunchScreen.storyboard in Resources */ = {isa = PBXBuildFile; fileRef = 4B0318A82F7944FF0041EFC7 /* LaunchScreen.storyboard */; };
		4B0318B02F7944FF0041EFC7 /* AppDelegate.m in Sources */ = {isa = PBXBuildFile; fileRef = 4B0318A42F7944FF0041EFC7 /* AppDelegate.m */; };
		4B0318B12F7944FF0041EFC7 /* main.m in Sources */ = {isa = PBXBuildFile; fileRef = 4B0318A92F7944FF0041EFC7 /* main.m */; };
		4B0318B22F7944FF0041EFC7 /* SceneDelegate.m in Sources */ = {isa = PBXBuildFile; fileRef = 4B0318AB2F7944FF0041EFC7 /* SceneDelegate.m */; };
		4B0318B62F79451E0041EFC7 /* welcome@2x.png in Resources */ = {isa = PBXBuildFile; fileRef = 4B0318B32F79451E0041EFC7 /* welcome@2x.png */; };
		4B0318B72F79451E0041EFC7 /* welcome@3x.png in Resources */ = {isa = PBXBuildFile; fileRef = 4B0318B42F79451E0041EFC7 /* welcome@3x.png */; };
		4B0319472F79452C0041EFC7 /* ColumnAddViewController.xib in Resources */ = {isa = PBXBuildFile; fileRef = 4B0318DE2F79452C0041EFC7 /* ColumnAddViewController.xib */; };
		4B0319482F79452C0041EFC7 /* SCToolBar.m in Sources */ = {isa = PBXBuildFile; fileRef = 4B0319422F79452C0041EFC7 /* SCToolBar.m */; };
		4B0319492F79452C0041EFC7 /* ConfigCommonCell.m in Sources */ = {isa = PBXBuildFile; fileRef = 4B0318EC2F79452C0041EFC7 /* ConfigCommonCell.m */; };
		4B03194A2F79452C0041EFC7 /* RecordDetailCell.m in Sources */ = {isa = PBXBuildFile; fileRef = 4B0318F92F79452C0041EFC7 /* RecordDetailCell.m */; };
		4B03194B2F79452C0041EFC7 /* SqlHeaderView.m in Sources */ = {isa = PBXBuildFile; fileRef = 4B0319402F79452C0041EFC7 /* SqlHeaderView.m */; };
		4B03194C2F79452C0041EFC7 /* TagRankViewModel.m in Sources */ = {isa = PBXBuildFile; fileRef = 4B03192A2F79452C0041EFC7 /* TagRankViewModel.m */; };
		4B03194D2F79452C0041EFC7 /* DataManager.m in Sources */ = {isa = PBXBuildFile; fileRef = 4B0318D52F79452C0041EFC7 /* DataManager.m */; };
		4B03194E2F79452C0041EFC7 /* NSDictionary+log.m in Sources */ = {isa = PBXBuildFile; fileRef = 4B0318C02F79452C0041EFC7 /* NSDictionary+log.m */; };
		4B03194F2F79452C0041EFC7 /* ConfigManager.m in Sources */ = {isa = PBXBuildFile; fileRef = 4B0318F22F79452C0041EFC7 /* ConfigManager.m */; };
		4B0319502F79452C0041EFC7 /* InputButton.m in Sources */ = {isa = PBXBuildFile; fileRef = 4B03193B2F79452C0041EFC7 /* InputButton.m */; };
		4B0319512F79452C0041EFC7 /* TagPinyinModel.m in Sources */ = {isa = PBXBuildFile; fileRef = 4B0319102F79452C0041EFC7 /* TagPinyinModel.m */; };
		4B0319522F79452C0041EFC7 /* TagSelectView.m in Sources */ = {isa = PBXBuildFile; fileRef = 4B0319442F79452C0041EFC7 /* TagSelectView.m */; };
		4B0319532F79452C0041EFC7 /* CareerCell.m in Sources */ = {isa = PBXBuildFile; fileRef = 4B03191A2F79452C0041EFC7 /* CareerCell.m */; };
		4B0319542F79452C0041EFC7 /* HomeViewController.m in Sources */ = {isa = PBXBuildFile; fileRef = 4B0319002F79452C0041EFC7 /* HomeViewController.m */; };
		4B0319552F79452C0041EFC7 /* NSObject+SCHUD.m in Sources */ = {isa = PBXBuildFile; fileRef = 4B0318C62F79452C0041EFC7 /* NSObject+SCHUD.m */; };
		4B0319562F79452C0041EFC7 /* BaseViewController.m in Sources */ = {isa = PBXBuildFile; fileRef = 4B0318BB2F79452C0041EFC7 /* BaseViewController.m */; };
		4B0319572F79452C0041EFC7 /* CareerViewController.m in Sources */ = {isa = PBXBuildFile; fileRef = 4B03191F2F79452C0041EFC7 /* CareerViewController.m */; };
		4B0319582F79452C0041EFC7 /* ConfigModel.m in Sources */ = {isa = PBXBuildFile; fileRef = 4B0318F42F79452C0041EFC7 /* ConfigModel.m */; };
		4B0319592F79452C0041EFC7 /* ColumnAddViewController.m in Sources */ = {isa = PBXBuildFile; fileRef = 4B0318DD2F79452C0041EFC7 /* ColumnAddViewController.m */; };
		4B03195A2F79452C0041EFC7 /* NumberInputView.m in Sources */ = {isa = PBXBuildFile; fileRef = 4B03193D2F79452C0041EFC7 /* NumberInputView.m */; };
		4B03195B2F79452C0041EFC7 /* TagViewController.m in Sources */ = {isa = PBXBuildFile; fileRef = 4B0319172F79452C0041EFC7 /* TagViewController.m */; };
		4B03195C2F79452C0041EFC7 /* UIColor+SCHex.m in Sources */ = {isa = PBXBuildFile; fileRef = 4B0318CA2F79452C0041EFC7 /* UIColor+SCHex.m */; };
		4B03195D2F79452C0041EFC7 /* TagDetailViewController.m in Sources */ = {isa = PBXBuildFile; fileRef = 4B03190B2F79452C0041EFC7 /* TagDetailViewController.m */; };
		4B03195E2F79452C0041EFC7 /* SCUtilities.m in Sources */ = {isa = PBXBuildFile; fileRef = 4B0318DA2F79452C0041EFC7 /* SCUtilities.m */; };
		4B03195F2F79452C0041EFC7 /* TagRankCell.m in Sources */ = {isa = PBXBuildFile; fileRef = 4B0319242F79452C0041EFC7 /* TagRankCell.m */; };
		4B0319602F79452C0041EFC7 /* CareerViewModel.m in Sources */ = {isa = PBXBuildFile; fileRef = 4B0319212F79452C0041EFC7 /* CareerViewModel.m */; };
		4B0319612F79452C0041EFC7 /* ColumnManager.m in Sources */ = {isa = PBXBuildFile; fileRef = 4B0318D12F79452C0041EFC7 /* ColumnManager.m */; };
		4B0319622F79452C0041EFC7 /* SqlEditUtil.m in Sources */ = {isa = PBXBuildFile; fileRef = 4B0318E12F79452C0041EFC7 /* SqlEditUtil.m */; };
		4B0319632F79452C0041EFC7 /* TagManager.m in Sources */ = {isa = PBXBuildFile; fileRef = 4B03190E2F79452C0041EFC7 /* TagManager.m */; };
		4B0319642F79452C0041EFC7 /* TotalViewController.m in Sources */ = {isa = PBXBuildFile; fileRef = 4B0319332F79452C0041EFC7 /* TotalViewController.m */; };
		4B0319652F79452C0041EFC7 /* ConfigHeaderModel.m in Sources */ = {isa = PBXBuildFile; fileRef = 4B0318F02F79452C0041EFC7 /* ConfigHeaderModel.m */; };
		4B0319662F79452C0041EFC7 /* NSString+SCExtension.m in Sources */ = {isa = PBXBuildFile; fileRef = 4B0318C82F79452C0041EFC7 /* NSString+SCExtension.m */; };
		4B0319672F79452C0041EFC7 /* RecordModel.m in Sources */ = {isa = PBXBuildFile; fileRef = 4B0319062F79452C0041EFC7 /* RecordModel.m */; };
		4B0319682F79452C0041EFC7 /* TagDetailCell.m in Sources */ = {isa = PBXBuildFile; fileRef = 4B0319092F79452C0041EFC7 /* TagDetailCell.m */; };
		4B0319692F79452C0041EFC7 /* TagRankViewController.m in Sources */ = {isa = PBXBuildFile; fileRef = 4B0319282F79452C0041EFC7 /* TagRankViewController.m */; };
		4B03196A2F79452C0041EFC7 /* TagRankModel.m in Sources */ = {isa = PBXBuildFile; fileRef = 4B0319262F79452C0041EFC7 /* TagRankModel.m */; };
		4B03196B2F79452C0041EFC7 /* MainTabBarController.m in Sources */ = {isa = PBXBuildFile; fileRef = 4B0319382F79452C0041EFC7 /* MainTabBarController.m */; };
		4B03196C2F79452C0041EFC7 /* TotalSectionModel.m in Sources */ = {isa = PBXBuildFile; fileRef = 4B0319312F79452C0041EFC7 /* TotalSectionModel.m */; };
		4B03196D2F79452C0041EFC7 /* UIView+SCExtension.m in Sources */ = {isa = PBXBuildFile; fileRef = 4B0318CE2F79452C0041EFC7 /* UIView+SCExtension.m */; };
		4B03196E2F79452C0041EFC7 /* SqlLineViewController.m in Sources */ = {isa = PBXBuildFile; fileRef = 4B0318E52F79452C0041EFC7 /* SqlLineViewController.m */; };
		4B03196F2F79452C0041EFC7 /* HomeCell.m in Sources */ = {isa = PBXBuildFile; fileRef = 4B0318FE2F79452C0041EFC7 /* HomeCell.m */; };
		4B0319702F79452C0041EFC7 /* ConfigViewController.m in Sources */ = {isa = PBXBuildFile; fileRef = 4B0318F62F79452C0041EFC7 /* ConfigViewController.m */; };
		4B0319712F79452C0041EFC7 /* NSDictionary+SCExtension.m in Sources */ = {isa = PBXBuildFile; fileRef = 4B0318C22F79452C0041EFC7 /* NSDictionary+SCExtension.m */; };
		4B0319722F79452C0041EFC7 /* BitCoinViewController.m in Sources */ = {isa = PBXBuildFile; fileRef = 4B0318E82F79452C0041EFC7 /* BitCoinViewController.m */; };
		4B0319732F79452C0041EFC7 /* TotalHeaderView.m in Sources */ = {isa = PBXBuildFile; fileRef = 4B03192F2F79452C0041EFC7 /* TotalHeaderView.m */; };
		4B0319742F79452C0041EFC7 /* TotalViewModel.m in Sources */ = {isa = PBXBuildFile; fileRef = 4B0319352F79452C0041EFC7 /* TotalViewModel.m */; };
		4B0319752F79452C0041EFC7 /* RecordManager.m in Sources */ = {isa = PBXBuildFile; fileRef = 4B0319042F79452C0041EFC7 /* RecordManager.m */; };
		4B0319762F79452C0041EFC7 /* UIControl+SCExtension.m in Sources */ = {isa = PBXBuildFile; fileRef = 4B0318CC2F79452C0041EFC7 /* UIControl+SCExtension.m */; };
		4B0319772F79452C0041EFC7 /* TotalCell.m in Sources */ = {isa = PBXBuildFile; fileRef = 4B03192D2F79452C0041EFC7 /* TotalCell.m */; };
		4B0319782F79452C0041EFC7 /* NSError+SCExtension.m in Sources */ = {isa = PBXBuildFile; fileRef = 4B0318C42F79452C0041EFC7 /* NSError+SCExtension.m */; };
		4B0319792F79452C0041EFC7 /* TagModel.m in Sources */ = {isa = PBXBuildFile; fileRef = 4B0319152F79452C0041EFC7 /* TagModel.m */; };
		4B03197A2F79452C0041EFC7 /* ColumnModel.m in Sources */ = {isa = PBXBuildFile; fileRef = 4B0318D32F79452C0041EFC7 /* ColumnModel.m */; };
		4B03197B2F79452C0041EFC7 /* LineModel.m in Sources */ = {isa = PBXBuildFile; fileRef = 4B0319022F79452C0041EFC7 /* LineModel.m */; };
		4B03197C2F79452C0041EFC7 /* ConfigFunctionCell.m in Sources */ = {isa = PBXBuildFile; fileRef = 4B0318EE2F79452C0041EFC7 /* ConfigFunctionCell.m */; };
		4B03197D2F79452C0041EFC7 /* SqlEditViewController.m in Sources */ = {isa = PBXBuildFile; fileRef = 4B0318E32F79452C0041EFC7 /* SqlEditViewController.m */; };
		4B03197E2F79452C0041EFC7 /* BaseNavigationController.m in Sources */ = {isa = PBXBuildFile; fileRef = 4B0318B92F79452C0041EFC7 /* BaseNavigationController.m */; };
		4B03197F2F79452C0041EFC7 /* NSDate+SCExtension.m in Sources */ = {isa = PBXBuildFile; fileRef = 4B0318BE2F79452C0041EFC7 /* NSDate+SCExtension.m */; };
		4B0319802F79452C0041EFC7 /* TagCell.m in Sources */ = {isa = PBXBuildFile; fileRef = 4B0319132F79452C0041EFC7 /* TagCell.m */; };
		4B0319812F79452C0041EFC7 /* RecordDetailViewController.m in Sources */ = {isa = PBXBuildFile; fileRef = 4B0318FB2F79452C0041EFC7 /* RecordDetailViewController.m */; };
		4B0319822F79452C0041EFC7 /* ConfigCalculateCell.m in Sources */ = {isa = PBXBuildFile; fileRef = 4B0318EA2F79452C0041EFC7 /* ConfigCalculateCell.m */; };
		4B0319832F79452C0041EFC7 /* CareerModel.m in Sources */ = {isa = PBXBuildFile; fileRef = 4B03191D2F79452C0041EFC7 /* CareerModel.m */; };
		4B0319852F794C100041EFC7 /* Assets.xcassets in Resources */ = {isa = PBXBuildFile; fileRef = 4B0319842F794C100041EFC7 /* Assets.xcassets */; };
		4B0319882F79804D0041EFC7 /* NetworkReachability.m in Sources */ = {isa = PBXBuildFile; fileRef = 4B0319872F79804D0041EFC7 /* NetworkReachability.m */; };
		F18E8098E2966C0FDCB2B440 /* Pods_scoreNote.framework in Frameworks */ = {isa = PBXBuildFile; fileRef = B9D0C68F7EED1D682F79A491 /* Pods_scoreNote.framework */; };
/* End PBXBuildFile section */

/* Begin PBXFileReference section */
		350C2EDCAB195D8E79037E2C /* Pods-scoreNote.release.xcconfig */ = {isa = PBXFileReference; includeInIndex = 1; lastKnownFileType = text.xcconfig; name = "Pods-scoreNote.release.xcconfig"; path = "Target Support Files/Pods-scoreNote/Pods-scoreNote.release.xcconfig"; sourceTree = "<group>"; };
		46B7098BD3B60A0BCEF42563 /* Pods-scoreNote.debug.xcconfig */ = {isa = PBXFileReference; includeInIndex = 1; lastKnownFileType = text.xcconfig; name = "Pods-scoreNote.debug.xcconfig"; path = "Target Support Files/Pods-scoreNote/Pods-scoreNote.debug.xcconfig"; sourceTree = "<group>"; };
		4B0317AE2F7940420041EFC7 /* scoreNote.app */ = {isa = PBXFileReference; explicitFileType = wrapper.application; includeInIndex = 0; path = scoreNote.app; sourceTree = BUILT_PRODUCTS_DIR; };
		4B0318A32F7944FF0041EFC7 /* AppDelegate.h */ = {isa = PBXFileReference; lastKnownFileType = sourcecode.c.h; path = AppDelegate.h; sourceTree = "<group>"; };
		4B0318A42F7944FF0041EFC7 /* AppDelegate.m */ = {isa = PBXFileReference; lastKnownFileType = sourcecode.c.objc; path = AppDelegate.m; sourceTree = "<group>"; };
		4B0318A62F7944FF0041EFC7 /* Info.plist */ = {isa = PBXFileReference; lastKnownFileType = text.plist.xml; path = Info.plist; sourceTree = "<group>"; };
		4B0318A72F7944FF0041EFC7 /* Base */ = {isa = PBXFileReference; lastKnownFileType = file.storyboard; name = Base; path = Base.lproj/LaunchScreen.storyboard; sourceTree = "<group>"; };
		4B0318A92F7944FF0041EFC7 /* main.m */ = {isa = PBXFileReference; lastKnownFileType = sourcecode.c.objc; path = main.m; sourceTree = "<group>"; };
		4B0318AA2F7944FF0041EFC7 /* SceneDelegate.h */ = {isa = PBXFileReference; lastKnownFileType = sourcecode.c.h; path = SceneDelegate.h; sourceTree = "<group>"; };
		4B0318AB2F7944FF0041EFC7 /* SceneDelegate.m */ = {isa = PBXFileReference; lastKnownFileType = sourcecode.c.objc; path = SceneDelegate.m; sourceTree = "<group>"; };
		4B0318B32F79451E0041EFC7 /* welcome@2x.png */ = {isa = PBXFileReference; lastKnownFileType = image.png; path = "welcome@2x.png"; sourceTree = "<group>"; };
		4B0318B42F79451E0041EFC7 /* welcome@3x.png */ = {isa = PBXFileReference; lastKnownFileType = image.png; path = "welcome@3x.png"; sourceTree = "<group>"; };
		4B0318B82F79452C0041EFC7 /* BaseNavigationController.h */ = {isa = PBXFileReference; lastKnownFileType = sourcecode.c.h; path = BaseNavigationController.h; sourceTree = "<group>"; };
		4B0318B92F79452C0041EFC7 /* BaseNavigationController.m */ = {isa = PBXFileReference; lastKnownFileType = sourcecode.c.objc; path = BaseNavigationController.m; sourceTree = "<group>"; };
		4B0318BA2F79452C0041EFC7 /* BaseViewController.h */ = {isa = PBXFileReference; lastKnownFileType = sourcecode.c.h; path = BaseViewController.h; sourceTree = "<group>"; };
		4B0318BB2F79452C0041EFC7 /* BaseViewController.m */ = {isa = PBXFileReference; lastKnownFileType = sourcecode.c.objc; path = BaseViewController.m; sourceTree = "<group>"; };
		4B0318BD2F79452C0041EFC7 /* NSDate+SCExtension.h */ = {isa = PBXFileReference; lastKnownFileType = sourcecode.c.h; path = "NSDate+SCExtension.h"; sourceTree = "<group>"; };
		4B0318BE2F79452C0041EFC7 /* NSDate+SCExtension.m */ = {isa = PBXFileReference; lastKnownFileType = sourcecode.c.objc; path = "NSDate+SCExtension.m"; sourceTree = "<group>"; };
		4B0318BF2F79452C0041EFC7 /* NSDictionary+log.h */ = {isa = PBXFileReference; lastKnownFileType = sourcecode.c.h; path = "NSDictionary+log.h"; sourceTree = "<group>"; };
		4B0318C02F79452C0041EFC7 /* NSDictionary+log.m */ = {isa = PBXFileReference; lastKnownFileType = sourcecode.c.objc; path = "NSDictionary+log.m"; sourceTree = "<group>"; };
		4B0318C12F79452C0041EFC7 /* NSDictionary+SCExtension.h */ = {isa = PBXFileReference; lastKnownFileType = sourcecode.c.h; path = "NSDictionary+SCExtension.h"; sourceTree = "<group>"; };
		4B0318C22F79452C0041EFC7 /* NSDictionary+SCExtension.m */ = {isa = PBXFileReference; lastKnownFileType = sourcecode.c.objc; path = "NSDictionary+SCExtension.m"; sourceTree = "<group>"; };
		4B0318C32F79452C0041EFC7 /* NSError+SCExtension.h */ = {isa = PBXFileReference; lastKnownFileType = sourcecode.c.h; path = "NSError+SCExtension.h"; sourceTree = "<group>"; };
		4B0318C42F79452C0041EFC7 /* NSError+SCExtension.m */ = {isa = PBXFileReference; lastKnownFileType = sourcecode.c.objc; path = "NSError+SCExtension.m"; sourceTree = "<group>"; };
		4B0318C52F79452C0041EFC7 /* NSObject+SCHUD.h */ = {isa = PBXFileReference; lastKnownFileType = sourcecode.c.h; path = "NSObject+SCHUD.h"; sourceTree = "<group>"; };
		4B0318C62F79452C0041EFC7 /* NSObject+SCHUD.m */ = {isa = PBXFileReference; lastKnownFileType = sourcecode.c.objc; path = "NSObject+SCHUD.m"; sourceTree = "<group>"; };
		4B0318C72F79452C0041EFC7 /* NSString+SCExtension.h */ = {isa = PBXFileReference; lastKnownFileType = sourcecode.c.h; path = "NSString+SCExtension.h"; sourceTree = "<group>"; };
		4B0318C82F79452C0041EFC7 /* NSString+SCExtension.m */ = {isa = PBXFileReference; lastKnownFileType = sourcecode.c.objc; path = "NSString+SCExtension.m"; sourceTree = "<group>"; };
		4B0318C92F79452C0041EFC7 /* UIColor+SCHex.h */ = {isa = PBXFileReference; lastKnownFileType = sourcecode.c.h; path = "UIColor+SCHex.h"; sourceTree = "<group>"; };
		4B0318CA2F79452C0041EFC7 /* UIColor+SCHex.m */ = {isa = PBXFileReference; lastKnownFileType = sourcecode.c.objc; path = "UIColor+SCHex.m"; sourceTree = "<group>"; };
		4B0318CB2F79452C0041EFC7 /* UIControl+SCExtension.h */ = {isa = PBXFileReference; lastKnownFileType = sourcecode.c.h; path = "UIControl+SCExtension.h"; sourceTree = "<group>"; };
		4B0318CC2F79452C0041EFC7 /* UIControl+SCExtension.m */ = {isa = PBXFileReference; lastKnownFileType = sourcecode.c.objc; path = "UIControl+SCExtension.m"; sourceTree = "<group>"; };
		4B0318CD2F79452C0041EFC7 /* UIView+SCExtension.h */ = {isa = PBXFileReference; lastKnownFileType = sourcecode.c.h; path = "UIView+SCExtension.h"; sourceTree = "<group>"; };
		4B0318CE2F79452C0041EFC7 /* UIView+SCExtension.m */ = {isa = PBXFileReference; lastKnownFileType = sourcecode.c.objc; path = "UIView+SCExtension.m"; sourceTree = "<group>"; };
		4B0318D02F79452C0041EFC7 /* ColumnManager.h */ = {isa = PBXFileReference; lastKnownFileType = sourcecode.c.h; path = ColumnManager.h; sourceTree = "<group>"; };
		4B0318D12F79452C0041EFC7 /* ColumnManager.m */ = {isa = PBXFileReference; lastKnownFileType = sourcecode.c.objc; path = ColumnManager.m; sourceTree = "<group>"; };
		4B0318D22F79452C0041EFC7 /* ColumnModel.h */ = {isa = PBXFileReference; lastKnownFileType = sourcecode.c.h; path = ColumnModel.h; sourceTree = "<group>"; };
		4B0318D32F79452C0041EFC7 /* ColumnModel.m */ = {isa = PBXFileReference; lastKnownFileType = sourcecode.c.objc; path = ColumnModel.m; sourceTree = "<group>"; };
		4B0318D42F79452C0041EFC7 /* DataManager.h */ = {isa = PBXFileReference; lastKnownFileType = sourcecode.c.h; path = DataManager.h; sourceTree = "<group>"; };
		4B0318D52F79452C0041EFC7 /* DataManager.m */ = {isa = PBXFileReference; lastKnownFileType = sourcecode.c.objc; path = DataManager.m; sourceTree = "<group>"; };
		4B0318D72F79452C0041EFC7 /* CommonPrefix.pch */ = {isa = PBXFileReference; lastKnownFileType = sourcecode.c.h; path = CommonPrefix.pch; sourceTree = "<group>"; };
		4B0318D82F79452C0041EFC7 /* SCPublicDefine.h */ = {isa = PBXFileReference; lastKnownFileType = sourcecode.c.h; path = SCPublicDefine.h; sourceTree = "<group>"; };
		4B0318D92F79452C0041EFC7 /* SCUtilities.h */ = {isa = PBXFileReference; lastKnownFileType = sourcecode.c.h; path = SCUtilities.h; sourceTree = "<group>"; };
		4B0318DA2F79452C0041EFC7 /* SCUtilities.m */ = {isa = PBXFileReference; lastKnownFileType = sourcecode.c.objc; path = SCUtilities.m; sourceTree = "<group>"; };
		4B0318DC2F79452C0041EFC7 /* ColumnAddViewController.h */ = {isa = PBXFileReference; lastKnownFileType = sourcecode.c.h; path = ColumnAddViewController.h; sourceTree = "<group>"; };
		4B0318DD2F79452C0041EFC7 /* ColumnAddViewController.m */ = {isa = PBXFileReference; lastKnownFileType = sourcecode.c.objc; path = ColumnAddViewController.m; sourceTree = "<group>"; };
		4B0318DE2F79452C0041EFC7 /* ColumnAddViewController.xib */ = {isa = PBXFileReference; lastKnownFileType = file.xib; path = ColumnAddViewController.xib; sourceTree = "<group>"; };
		4B0318E02F79452C0041EFC7 /* SqlEditUtil.h */ = {isa = PBXFileReference; lastKnownFileType = sourcecode.c.h; path = SqlEditUtil.h; sourceTree = "<group>"; };
		4B0318E12F79452C0041EFC7 /* SqlEditUtil.m */ = {isa = PBXFileReference; lastKnownFileType = sourcecode.c.objc; path = SqlEditUtil.m; sourceTree = "<group>"; };
		4B0318E22F79452C0041EFC7 /* SqlEditViewController.h */ = {isa = PBXFileReference; lastKnownFileType = sourcecode.c.h; path = SqlEditViewController.h; sourceTree = "<group>"; };
		4B0318E32F79452C0041EFC7 /* SqlEditViewController.m */ = {isa = PBXFileReference; lastKnownFileType = sourcecode.c.objc; path = SqlEditViewController.m; sourceTree = "<group>"; };
		4B0318E42F79452C0041EFC7 /* SqlLineViewController.h */ = {isa = PBXFileReference; lastKnownFileType = sourcecode.c.h; path = SqlLineViewController.h; sourceTree = "<group>"; };
		4B0318E52F79452C0041EFC7 /* SqlLineViewController.m */ = {isa = PBXFileReference; lastKnownFileType = sourcecode.c.objc; path = SqlLineViewController.m; sourceTree = "<group>"; };
		4B0318E72F79452C0041EFC7 /* BitCoinViewController.h */ = {isa = PBXFileReference; lastKnownFileType = sourcecode.c.h; path = BitCoinViewController.h; sourceTree = "<group>"; };
		4B0318E82F79452C0041EFC7 /* BitCoinViewController.m */ = {isa = PBXFileReference; lastKnownFileType = sourcecode.c.objc; path = BitCoinViewController.m; sourceTree = "<group>"; };
		4B0318E92F79452C0041EFC7 /* ConfigCalculateCell.h */ = {isa = PBXFileReference; lastKnownFileType = sourcecode.c.h; path = ConfigCalculateCell.h; sourceTree = "<group>"; };
		4B0318EA2F79452C0041EFC7 /* ConfigCalculateCell.m */ = {isa = PBXFileReference; lastKnownFileType = sourcecode.c.objc; path = ConfigCalculateCell.m; sourceTree = "<group>"; };
		4B0318EB2F79452C0041EFC7 /* ConfigCommonCell.h */ = {isa = PBXFileReference; lastKnownFileType = sourcecode.c.h; path = ConfigCommonCell.h; sourceTree = "<group>"; };
		4B0318EC2F79452C0041EFC7 /* ConfigCommonCell.m */ = {isa = PBXFileReference; lastKnownFileType = sourcecode.c.objc; path = ConfigCommonCell.m; sourceTree = "<group>"; };
		4B0318ED2F79452C0041EFC7 /* ConfigFunctionCell.h */ = {isa = PBXFileReference; lastKnownFileType = sourcecode.c.h; path = ConfigFunctionCell.h; sourceTree = "<group>"; };
		4B0318EE2F79452C0041EFC7 /* ConfigFunctionCell.m */ = {isa = PBXFileReference; lastKnownFileType = sourcecode.c.objc; path = ConfigFunctionCell.m; sourceTree = "<group>"; };
		4B0318EF2F79452C0041EFC7 /* ConfigHeaderModel.h */ = {isa = PBXFileReference; lastKnownFileType = sourcecode.c.h; path = ConfigHeaderModel.h; sourceTree = "<group>"; };
		4B0318F02F79452C0041EFC7 /* ConfigHeaderModel.m */ = {isa = PBXFileReference; lastKnownFileType = sourcecode.c.objc; path = ConfigHeaderModel.m; sourceTree = "<group>"; };
		4B0318F12F79452C0041EFC7 /* ConfigManager.h */ = {isa = PBXFileReference; lastKnownFileType = sourcecode.c.h; path = ConfigManager.h; sourceTree = "<group>"; };
		4B0318F22F79452C0041EFC7 /* ConfigManager.m */ = {isa = PBXFileReference; lastKnownFileType = sourcecode.c.objc; path = ConfigManager.m; sourceTree = "<group>"; };
		4B0318F32F79452C0041EFC7 /* ConfigModel.h */ = {isa = PBXFileReference; lastKnownFileType = sourcecode.c.h; path = ConfigModel.h; sourceTree = "<group>"; };
		4B0318F42F79452C0041EFC7 /* ConfigModel.m */ = {isa = PBXFileReference; lastKnownFileType = sourcecode.c.objc; path = ConfigModel.m; sourceTree = "<group>"; };
		4B0318F52F79452C0041EFC7 /* ConfigViewController.h */ = {isa = PBXFileReference; lastKnownFileType = sourcecode.c.h; path = ConfigViewController.h; sourceTree = "<group>"; };
		4B0318F62F79452C0041EFC7 /* ConfigViewController.m */ = {isa = PBXFileReference; lastKnownFileType = sourcecode.c.objc; path = ConfigViewController.m; sourceTree = "<group>"; };
		4B0318F82F79452C0041EFC7 /* RecordDetailCell.h */ = {isa = PBXFileReference; lastKnownFileType = sourcecode.c.h; path = RecordDetailCell.h; sourceTree = "<group>"; };
		4B0318F92F79452C0041EFC7 /* RecordDetailCell.m */ = {isa = PBXFileReference; lastKnownFileType = sourcecode.c.objc; path = RecordDetailCell.m; sourceTree = "<group>"; };
		4B0318FA2F79452C0041EFC7 /* RecordDetailViewController.h */ = {isa = PBXFileReference; lastKnownFileType = sourcecode.c.h; path = RecordDetailViewController.h; sourceTree = "<group>"; };
		4B0318FB2F79452C0041EFC7 /* RecordDetailViewController.m */ = {isa = PBXFileReference; lastKnownFileType = sourcecode.c.objc; path = RecordDetailViewController.m; sourceTree = "<group>"; };
		4B0318FD2F79452C0041EFC7 /* HomeCell.h */ = {isa = PBXFileReference; lastKnownFileType = sourcecode.c.h; path = HomeCell.h; sourceTree = "<group>"; };
		4B0318FE2F79452C0041EFC7 /* HomeCell.m */ = {isa = PBXFileReference; lastKnownFileType = sourcecode.c.objc; path = HomeCell.m; sourceTree = "<group>"; };
		4B0318FF2F79452C0041EFC7 /* HomeViewController.h */ = {isa = PBXFileReference; lastKnownFileType = sourcecode.c.h; path = HomeViewController.h; sourceTree = "<group>"; };
		4B0319002F79452C0041EFC7 /* HomeViewController.m */ = {isa = PBXFileReference; lastKnownFileType = sourcecode.c.objc; path = HomeViewController.m; sourceTree = "<group>"; };
		4B0319012F79452C0041EFC7 /* LineModel.h */ = {isa = PBXFileReference; lastKnownFileType = sourcecode.c.h; path = LineModel.h; sourceTree = "<group>"; };
		4B0319022F79452C0041EFC7 /* LineModel.m */ = {isa = PBXFileReference; lastKnownFileType = sourcecode.c.objc; path = LineModel.m; sourceTree = "<group>"; };
		4B0319032F79452C0041EFC7 /* RecordManager.h */ = {isa = PBXFileReference; lastKnownFileType = sourcecode.c.h; path = RecordManager.h; sourceTree = "<group>"; };
		4B0319042F79452C0041EFC7 /* RecordManager.m */ = {isa = PBXFileReference; lastKnownFileType = sourcecode.c.objc; path = RecordManager.m; sourceTree = "<group>"; };
		4B0319052F79452C0041EFC7 /* RecordModel.h */ = {isa = PBXFileReference; lastKnownFileType = sourcecode.c.h; path = RecordModel.h; sourceTree = "<group>"; };
		4B0319062F79452C0041EFC7 /* RecordModel.m */ = {isa = PBXFileReference; lastKnownFileType = sourcecode.c.objc; path = RecordModel.m; sourceTree = "<group>"; };
		4B0319082F79452C0041EFC7 /* TagDetailCell.h */ = {isa = PBXFileReference; lastKnownFileType = sourcecode.c.h; path = TagDetailCell.h; sourceTree = "<group>"; };
		4B0319092F79452C0041EFC7 /* TagDetailCell.m */ = {isa = PBXFileReference; lastKnownFileType = sourcecode.c.objc; path = TagDetailCell.m; sourceTree = "<group>"; };
		4B03190A2F79452C0041EFC7 /* TagDetailViewController.h */ = {isa = PBXFileReference; lastKnownFileType = sourcecode.c.h; path = TagDetailViewController.h; sourceTree = "<group>"; };
		4B03190B2F79452C0041EFC7 /* TagDetailViewController.m */ = {isa = PBXFileReference; lastKnownFileType = sourcecode.c.objc; path = TagDetailViewController.m; sourceTree = "<group>"; };
		4B03190D2F79452C0041EFC7 /* TagManager.h */ = {isa = PBXFileReference; lastKnownFileType = sourcecode.c.h; path = TagManager.h; sourceTree = "<group>"; };
		4B03190E2F79452C0041EFC7 /* TagManager.m */ = {isa = PBXFileReference; lastKnownFileType = sourcecode.c.objc; path = TagManager.m; sourceTree = "<group>"; };
		4B03190F2F79452C0041EFC7 /* TagPinyinModel.h */ = {isa = PBXFileReference; lastKnownFileType = sourcecode.c.h; path = TagPinyinModel.h; sourceTree = "<group>"; };
		4B0319102F79452C0041EFC7 /* TagPinyinModel.m */ = {isa = PBXFileReference; lastKnownFileType = sourcecode.c.objc; path = TagPinyinModel.m; sourceTree = "<group>"; };
		4B0319122F79452C0041EFC7 /* TagCell.h */ = {isa = PBXFileReference; lastKnownFileType = sourcecode.c.h; path = TagCell.h; sourceTree = "<group>"; };
		4B0319132F79452C0041EFC7 /* TagCell.m */ = {isa = PBXFileReference; lastKnownFileType = sourcecode.c.objc; path = TagCell.m; sourceTree = "<group>"; };
		4B0319142F79452C0041EFC7 /* TagModel.h */ = {isa = PBXFileReference; lastKnownFileType = sourcecode.c.h; path = TagModel.h; sourceTree = "<group>"; };
		4B0319152F79452C0041EFC7 /* TagModel.m */ = {isa = PBXFileReference; lastKnownFileType = sourcecode.c.objc; path = TagModel.m; sourceTree = "<group>"; };
		4B0319162F79452C0041EFC7 /* TagViewController.h */ = {isa = PBXFileReference; lastKnownFileType = sourcecode.c.h; path = TagViewController.h; sourceTree = "<group>"; };
		4B0319172F79452C0041EFC7 /* TagViewController.m */ = {isa = PBXFileReference; lastKnownFileType = sourcecode.c.objc; path = TagViewController.m; sourceTree = "<group>"; };
		4B0319192F79452C0041EFC7 /* CareerCell.h */ = {isa = PBXFileReference; lastKnownFileType = sourcecode.c.h; path = CareerCell.h; sourceTree = "<group>"; };
		4B03191A2F79452C0041EFC7 /* CareerCell.m */ = {isa = PBXFileReference; lastKnownFileType = sourcecode.c.objc; path = CareerCell.m; sourceTree = "<group>"; };
		4B03191C2F79452C0041EFC7 /* CareerModel.h */ = {isa = PBXFileReference; lastKnownFileType = sourcecode.c.h; path = CareerModel.h; sourceTree = "<group>"; };
		4B03191D2F79452C0041EFC7 /* CareerModel.m */ = {isa = PBXFileReference; lastKnownFileType = sourcecode.c.objc; path = CareerModel.m; sourceTree = "<group>"; };
		4B03191E2F79452C0041EFC7 /* CareerViewController.h */ = {isa = PBXFileReference; lastKnownFileType = sourcecode.c.h; path = CareerViewController.h; sourceTree = "<group>"; };
		4B03191F2F79452C0041EFC7 /* CareerViewController.m */ = {isa = PBXFileReference; lastKnownFileType = sourcecode.c.objc; path = CareerViewController.m; sourceTree = "<group>"; };
		4B0319202F79452C0041EFC7 /* CareerViewModel.h */ = {isa = PBXFileReference; lastKnownFileType = sourcecode.c.h; path = CareerViewModel.h; sourceTree = "<group>"; };
		4B0319212F79452C0041EFC7 /* CareerViewModel.m */ = {isa = PBXFileReference; lastKnownFileType = sourcecode.c.objc; path = CareerViewModel.m; sourceTree = "<group>"; };
		4B0319232F79452C0041EFC7 /* TagRankCell.h */ = {isa = PBXFileReference; lastKnownFileType = sourcecode.c.h; path = TagRankCell.h; sourceTree = "<group>"; };
		4B0319242F79452C0041EFC7 /* TagRankCell.m */ = {isa = PBXFileReference; lastKnownFileType = sourcecode.c.objc; path = TagRankCell.m; sourceTree = "<group>"; };
		4B0319252F79452C0041EFC7 /* TagRankModel.h */ = {isa = PBXFileReference; lastKnownFileType = sourcecode.c.h; path = TagRankModel.h; sourceTree = "<group>"; };
		4B0319262F79452C0041EFC7 /* TagRankModel.m */ = {isa = PBXFileReference; lastKnownFileType = sourcecode.c.objc; path = TagRankModel.m; sourceTree = "<group>"; };
		4B0319272F79452C0041EFC7 /* TagRankViewController.h */ = {isa = PBXFileReference; lastKnownFileType = sourcecode.c.h; path = TagRankViewController.h; sourceTree = "<group>"; };
		4B0319282F79452C0041EFC7 /* TagRankViewController.m */ = {isa = PBXFileReference; lastKnownFileType = sourcecode.c.objc; path = TagRankViewController.m; sourceTree = "<group>"; };
		4B0319292F79452C0041EFC7 /* TagRankViewModel.h */ = {isa = PBXFileReference; lastKnownFileType = sourcecode.c.h; path = TagRankViewModel.h; sourceTree = "<group>"; };
		4B03192A2F79452C0041EFC7 /* TagRankViewModel.m */ = {isa = PBXFileReference; lastKnownFileType = sourcecode.c.objc; path = TagRankViewModel.m; sourceTree = "<group>"; };
		4B03192C2F79452C0041EFC7 /* TotalCell.h */ = {isa = PBXFileReference; lastKnownFileType = sourcecode.c.h; path = TotalCell.h; sourceTree = "<group>"; };
		4B03192D2F79452C0041EFC7 /* TotalCell.m */ = {isa = PBXFileReference; lastKnownFileType = sourcecode.c.objc; path = TotalCell.m; sourceTree = "<group>"; };
		4B03192E2F79452C0041EFC7 /* TotalHeaderView.h */ = {isa = PBXFileReference; lastKnownFileType = sourcecode.c.h; path = TotalHeaderView.h; sourceTree = "<group>"; };
		4B03192F2F79452C0041EFC7 /* TotalHeaderView.m */ = {isa = PBXFileReference; lastKnownFileType = sourcecode.c.objc; path = TotalHeaderView.m; sourceTree = "<group>"; };
		4B0319302F79452C0041EFC7 /* TotalSectionModel.h */ = {isa = PBXFileReference; lastKnownFileType = sourcecode.c.h; path = TotalSectionModel.h; sourceTree = "<group>"; };
		4B0319312F79452C0041EFC7 /* TotalSectionModel.m */ = {isa = PBXFileReference; lastKnownFileType = sourcecode.c.objc; path = TotalSectionModel.m; sourceTree = "<group>"; };
		4B0319322F79452C0041EFC7 /* TotalViewController.h */ = {isa = PBXFileReference; lastKnownFileType = sourcecode.c.h; path = TotalViewController.h; sourceTree = "<group>"; };
		4B0319332F79452C0041EFC7 /* TotalViewController.m */ = {isa = PBXFileReference; lastKnownFileType = sourcecode.c.objc; path = TotalViewController.m; sourceTree = "<group>"; };
		4B0319342F79452C0041EFC7 /* TotalViewModel.h */ = {isa = PBXFileReference; lastKnownFileType = sourcecode.c.h; path = TotalViewModel.h; sourceTree = "<group>"; };
		4B0319352F79452C0041EFC7 /* TotalViewModel.m */ = {isa = PBXFileReference; lastKnownFileType = sourcecode.c.objc; path = TotalViewModel.m; sourceTree = "<group>"; };
		4B0319372F79452C0041EFC7 /* MainTabBarController.h */ = {isa = PBXFileReference; lastKnownFileType = sourcecode.c.h; path = MainTabBarController.h; sourceTree = "<group>"; };
		4B0319382F79452C0041EFC7 /* MainTabBarController.m */ = {isa = PBXFileReference; lastKnownFileType = sourcecode.c.objc; path = MainTabBarController.m; sourceTree = "<group>"; };
		4B03193A2F79452C0041EFC7 /* InputButton.h */ = {isa = PBXFileReference; lastKnownFileType = sourcecode.c.h; path = InputButton.h; sourceTree = "<group>"; };
		4B03193B2F79452C0041EFC7 /* InputButton.m */ = {isa = PBXFileReference; lastKnownFileType = sourcecode.c.objc; path = InputButton.m; sourceTree = "<group>"; };
		4B03193C2F79452C0041EFC7 /* NumberInputView.h */ = {isa = PBXFileReference; lastKnownFileType = sourcecode.c.h; path = NumberInputView.h; sourceTree = "<group>"; };
		4B03193D2F79452C0041EFC7 /* NumberInputView.m */ = {isa = PBXFileReference; lastKnownFileType = sourcecode.c.objc; path = NumberInputView.m; sourceTree = "<group>"; };
		4B03193F2F79452C0041EFC7 /* SqlHeaderView.h */ = {isa = PBXFileReference; lastKnownFileType = sourcecode.c.h; path = SqlHeaderView.h; sourceTree = "<group>"; };
		4B0319402F79452C0041EFC7 /* SqlHeaderView.m */ = {isa = PBXFileReference; lastKnownFileType = sourcecode.c.objc; path = SqlHeaderView.m; sourceTree = "<group>"; };
		4B0319412F79452C0041EFC7 /* SCToolBar.h */ = {isa = PBXFileReference; lastKnownFileType = sourcecode.c.h; path = SCToolBar.h; sourceTree = "<group>"; };
		4B0319422F79452C0041EFC7 /* SCToolBar.m */ = {isa = PBXFileReference; lastKnownFileType = sourcecode.c.objc; path = SCToolBar.m; sourceTree = "<group>"; };
		4B0319432F79452C0041EFC7 /* TagSelectView.h */ = {isa = PBXFileReference; lastKnownFileType = sourcecode.c.h; path = TagSelectView.h; sourceTree = "<group>"; };
		4B0319442F79452C0041EFC7 /* TagSelectView.m */ = {isa = PBXFileReference; lastKnownFileType = sourcecode.c.objc; path = TagSelectView.m; sourceTree = "<group>"; };
		4B0319842F794C100041EFC7 /* Assets.xcassets */ = {isa = PBXFileReference; lastKnownFileType = folder.assetcatalog; path = Assets.xcassets; sourceTree = "<group>"; };
		4B0319862F79804D0041EFC7 /* NetworkReachability.h */ = {isa = PBXFileReference; lastKnownFileType = sourcecode.c.h; path = NetworkReachability.h; sourceTree = "<group>"; };
		4B0319872F79804D0041EFC7 /* NetworkReachability.m */ = {isa = PBXFileReference; lastKnownFileType = sourcecode.c.objc; path = NetworkReachability.m; sourceTree = "<group>"; };
		53CCB9C4E7042293F7A66D72 /* Pods-DEMO.debug.xcconfig */ = {isa = PBXFileReference; includeInIndex = 1; lastKnownFileType = text.xcconfig; name = "Pods-DEMO.debug.xcconfig"; path = "Target Support Files/Pods-DEMO/Pods-DEMO.debug.xcconfig"; sourceTree = "<group>"; };
		9B574DC10A88E432F8AF7D1E /* Pods-DEMO.release.xcconfig */ = {isa = PBXFileReference; includeInIndex = 1; lastKnownFileType = text.xcconfig; name = "Pods-DEMO.release.xcconfig"; path = "Target Support Files/Pods-DEMO/Pods-DEMO.release.xcconfig"; sourceTree = "<group>"; };
		B9D0C68F7EED1D682F79A491 /* Pods_scoreNote.framework */ = {isa = PBXFileReference; explicitFileType = wrapper.framework; includeInIndex = 0; path = Pods_scoreNote.framework; sourceTree = BUILT_PRODUCTS_DIR; };
/* End PBXFileReference section */

/* Begin PBXFrameworksBuildPhase section */
		4B0317AB2F7940420041EFC7 /* Frameworks */ = {
			isa = PBXFrameworksBuildPhase;
			buildActionMask = 2147483647;
			files = (
				F18E8098E2966C0FDCB2B440 /* Pods_scoreNote.framework in Frameworks */,
			);
			runOnlyForDeploymentPostprocessing = 0;
		};
/* End PBXFrameworksBuildPhase section */

/* Begin PBXGroup section */
		4B0317A52F7940420041EFC7 = {
			isa = PBXGroup;
			children = (
				4B0318AC2F7944FF0041EFC7 /* scoreNote */,
				4B0317AF2F7940420041EFC7 /* Products */,
				F4C1EE76CCF14FFF58A5AEFB /* Pods */,
				7D2D062AB0DD7C7EBD2808E1 /* Frameworks */,
			);
			sourceTree = "<group>";
		};
		4B0317AF2F7940420041EFC7 /* Products */ = {
			isa = PBXGroup;
			children = (
				4B0317AE2F7940420041EFC7 /* scoreNote.app */,
			);
			name = Products;
			sourceTree = "<group>";
		};
		4B0318A22F7944FF0041EFC7 /* Supporting Files */ = {
			isa = PBXGroup;
			children = (
				4B0318AA2F7944FF0041EFC7 /* SceneDelegate.h */,
				4B0318AB2F7944FF0041EFC7 /* SceneDelegate.m */,
				4B0318A32F7944FF0041EFC7 /* AppDelegate.h */,
				4B0318A42F7944FF0041EFC7 /* AppDelegate.m */,
				4B0319842F794C100041EFC7 /* Assets.xcassets */,
				4B0318A62F7944FF0041EFC7 /* Info.plist */,
				4B0318A82F7944FF0041EFC7 /* LaunchScreen.storyboard */,
				4B0318A92F7944FF0041EFC7 /* main.m */,
			);
			path = "Supporting Files";
			sourceTree = "<group>";
		};
		4B0318AC2F7944FF0041EFC7 /* scoreNote */ = {
			isa = PBXGroup;
			children = (
				4B0319392F79452C0041EFC7 /* ViewControllers */,
				4B0319452F79452C0041EFC7 /* Views */,
				4B0318DB2F79452C0041EFC7 /* Utils */,
				4B0318B52F79451E0041EFC7 /* Resources */,
				4B0318A22F7944FF0041EFC7 /* Supporting Files */,
			);
			path = scoreNote;
			sourceTree = "<group>";
		};
		4B0318B52F79451E0041EFC7 /* Resources */ = {
			isa = PBXGroup;
			children = (
				4B0318B32F79451E0041EFC7 /* welcome@2x.png */,
				4B0318B42F79451E0041EFC7 /* welcome@3x.png */,
			);
			path = Resources;
			sourceTree = "<group>";
		};
		4B0318BC2F79452C0041EFC7 /* Base */ = {
			isa = PBXGroup;
			children = (
				4B0318BA2F79452C0041EFC7 /* BaseViewController.h */,
				4B0318BB2F79452C0041EFC7 /* BaseViewController.m */,
				4B0318B82F79452C0041EFC7 /* BaseNavigationController.h */,
				4B0318B92F79452C0041EFC7 /* BaseNavigationController.m */,
			);
			path = Base;
			sourceTree = "<group>";
		};
		4B0318CF2F79452C0041EFC7 /* Category */ = {
			isa = PBXGroup;
			children = (
				4B0318BD2F79452C0041EFC7 /* NSDate+SCExtension.h */,
				4B0318BE2F79452C0041EFC7 /* NSDate+SCExtension.m */,
				4B0318BF2F79452C0041EFC7 /* NSDictionary+log.h */,
				4B0318C02F79452C0041EFC7 /* NSDictionary+log.m */,
				4B0318C12F79452C0041EFC7 /* NSDictionary+SCExtension.h */,
				4B0318C22F79452C0041EFC7 /* NSDictionary+SCExtension.m */,
				4B0318C32F79452C0041EFC7 /* NSError+SCExtension.h */,
				4B0318C42F79452C0041EFC7 /* NSError+SCExtension.m */,
				4B0318C52F79452C0041EFC7 /* NSObject+SCHUD.h */,
				4B0318C62F79452C0041EFC7 /* NSObject+SCHUD.m */,
				4B0318C72F79452C0041EFC7 /* NSString+SCExtension.h */,
				4B0318C82F79452C0041EFC7 /* NSString+SCExtension.m */,
				4B0318C92F79452C0041EFC7 /* UIColor+SCHex.h */,
				4B0318CA2F79452C0041EFC7 /* UIColor+SCHex.m */,
				4B0318CB2F79452C0041EFC7 /* UIControl+SCExtension.h */,
				4B0318CC2F79452C0041EFC7 /* UIControl+SCExtension.m */,
				4B0318CD2F79452C0041EFC7 /* UIView+SCExtension.h */,
				4B0318CE2F79452C0041EFC7 /* UIView+SCExtension.m */,
			);
			path = Category;
			sourceTree = "<group>";
		};
		4B0318D62F79452C0041EFC7 /* DataManager */ = {
			isa = PBXGroup;
			children = (
				4B0318D42F79452C0041EFC7 /* DataManager.h */,
				4B0318D52F79452C0041EFC7 /* DataManager.m */,
				4B0318D02F79452C0041EFC7 /* ColumnManager.h */,
				4B0318D12F79452C0041EFC7 /* ColumnManager.m */,
				4B0318D22F79452C0041EFC7 /* ColumnModel.h */,
				4B0318D32F79452C0041EFC7 /* ColumnModel.m */,
			);
			path = DataManager;
			sourceTree = "<group>";
		};
		4B0318DB2F79452C0041EFC7 /* Utils */ = {
			isa = PBXGroup;
			children = (
				4B0318D72F79452C0041EFC7 /* CommonPrefix.pch */,
				4B0318D82F79452C0041EFC7 /* SCPublicDefine.h */,
				4B0318D92F79452C0041EFC7 /* SCUtilities.h */,
				4B0318DA2F79452C0041EFC7 /* SCUtilities.m */,
				4B0319862F79804D0041EFC7 /* NetworkReachability.h */,
				4B0319872F79804D0041EFC7 /* NetworkReachability.m */,
				4B0318BC2F79452C0041EFC7 /* Base */,
				4B0318CF2F79452C0041EFC7 /* Category */,
				4B0318D62F79452C0041EFC7 /* DataManager */,
			);
			path = Utils;
			sourceTree = "<group>";
		};
		4B0318DF2F79452C0041EFC7 /* ColumnAddViewController */ = {
			isa = PBXGroup;
			children = (
				4B0318DC2F79452C0041EFC7 /* ColumnAddViewController.h */,
				4B0318DD2F79452C0041EFC7 /* ColumnAddViewController.m */,
				4B0318DE2F79452C0041EFC7 /* ColumnAddViewController.xib */,
			);
			path = ColumnAddViewController;
			sourceTree = "<group>";
		};
		4B0318E62F79452C0041EFC7 /* SqlEditViewController */ = {
			isa = PBXGroup;
			children = (
				4B0318E22F79452C0041EFC7 /* SqlEditViewController.h */,
				4B0318E32F79452C0041EFC7 /* SqlEditViewController.m */,
				4B0318E42F79452C0041EFC7 /* SqlLineViewController.h */,
				4B0318E52F79452C0041EFC7 /* SqlLineViewController.m */,
				4B03193F2F79452C0041EFC7 /* SqlHeaderView.h */,
				4B0319402F79452C0041EFC7 /* SqlHeaderView.m */,
				4B0318E02F79452C0041EFC7 /* SqlEditUtil.h */,
				4B0318E12F79452C0041EFC7 /* SqlEditUtil.m */,
			);
			path = SqlEditViewController;
			sourceTree = "<group>";
		};
		4B0318F72F79452C0041EFC7 /* ConfigViewController */ = {
			isa = PBXGroup;
			children = (
				4B0318F52F79452C0041EFC7 /* ConfigViewController.h */,
				4B0318F62F79452C0041EFC7 /* ConfigViewController.m */,
				4B0318E92F79452C0041EFC7 /* ConfigCalculateCell.h */,
				4B0318EA2F79452C0041EFC7 /* ConfigCalculateCell.m */,
				4B0318EB2F79452C0041EFC7 /* ConfigCommonCell.h */,
				4B0318EC2F79452C0041EFC7 /* ConfigCommonCell.m */,
				4B0318ED2F79452C0041EFC7 /* ConfigFunctionCell.h */,
				4B0318EE2F79452C0041EFC7 /* ConfigFunctionCell.m */,
				4B0318EF2F79452C0041EFC7 /* ConfigHeaderModel.h */,
				4B0318F02F79452C0041EFC7 /* ConfigHeaderModel.m */,
				4B0318F32F79452C0041EFC7 /* ConfigModel.h */,
				4B0318F42F79452C0041EFC7 /* ConfigModel.m */,
				4B0318F12F79452C0041EFC7 /* ConfigManager.h */,
				4B0318F22F79452C0041EFC7 /* ConfigManager.m */,
				4B0318E72F79452C0041EFC7 /* BitCoinViewController.h */,
				4B0318E82F79452C0041EFC7 /* BitCoinViewController.m */,
				4B0318DF2F79452C0041EFC7 /* ColumnAddViewController */,
				4B0318E62F79452C0041EFC7 /* SqlEditViewController */,
			);
			path = ConfigViewController;
			sourceTree = "<group>";
		};
		4B0318FC2F79452C0041EFC7 /* RecordDetailViewController */ = {
			isa = PBXGroup;
			children = (
				4B0318FA2F79452C0041EFC7 /* RecordDetailViewController.h */,
				4B0318FB2F79452C0041EFC7 /* RecordDetailViewController.m */,
				4B0318F82F79452C0041EFC7 /* RecordDetailCell.h */,
				4B0318F92F79452C0041EFC7 /* RecordDetailCell.m */,
			);
			path = RecordDetailViewController;
			sourceTree = "<group>";
		};
		4B0319072F79452C0041EFC7 /* HomeViewController */ = {
			isa = PBXGroup;
			children = (
				4B0318FF2F79452C0041EFC7 /* HomeViewController.h */,
				4B0319002F79452C0041EFC7 /* HomeViewController.m */,
				4B0318FD2F79452C0041EFC7 /* HomeCell.h */,
				4B0318FE2F79452C0041EFC7 /* HomeCell.m */,
				4B0319052F79452C0041EFC7 /* RecordModel.h */,
				4B0319062F79452C0041EFC7 /* RecordModel.m */,
				4B0319012F79452C0041EFC7 /* LineModel.h */,
				4B0319022F79452C0041EFC7 /* LineModel.m */,
				4B0319032F79452C0041EFC7 /* RecordManager.h */,
				4B0319042F79452C0041EFC7 /* RecordManager.m */,
				4B0318FC2F79452C0041EFC7 /* RecordDetailViewController */,
			);
			path = HomeViewController;
			sourceTree = "<group>";
		};
		4B03190C2F79452C0041EFC7 /* TagDetailViewController */ = {
			isa = PBXGroup;
			children = (
				4B03190A2F79452C0041EFC7 /* TagDetailViewController.h */,
				4B03190B2F79452C0041EFC7 /* TagDetailViewController.m */,
				4B0319082F79452C0041EFC7 /* TagDetailCell.h */,
				4B0319092F79452C0041EFC7 /* TagDetailCell.m */,
			);
			path = TagDetailViewController;
			sourceTree = "<group>";
		};
		4B0319112F79452C0041EFC7 /* TagManager */ = {
			isa = PBXGroup;
			children = (
				4B03190D2F79452C0041EFC7 /* TagManager.h */,
				4B03190E2F79452C0041EFC7 /* TagManager.m */,
				4B03190F2F79452C0041EFC7 /* TagPinyinModel.h */,
				4B0319102F79452C0041EFC7 /* TagPinyinModel.m */,
			);
			path = TagManager;
			sourceTree = "<group>";
		};
		4B0319182F79452C0041EFC7 /* TagViewController */ = {
			isa = PBXGroup;
			children = (
				4B0319162F79452C0041EFC7 /* TagViewController.h */,
				4B0319172F79452C0041EFC7 /* TagViewController.m */,
				4B0319122F79452C0041EFC7 /* TagCell.h */,
				4B0319132F79452C0041EFC7 /* TagCell.m */,
				4B0319142F79452C0041EFC7 /* TagModel.h */,
				4B0319152F79452C0041EFC7 /* TagModel.m */,
				4B03190C2F79452C0041EFC7 /* TagDetailViewController */,
				4B0319112F79452C0041EFC7 /* TagManager */,
			);
			path = TagViewController;
			sourceTree = "<group>";
		};
		4B0319222F79452C0041EFC7 /* CareerViewController */ = {
			isa = PBXGroup;
			children = (
				4B03191E2F79452C0041EFC7 /* CareerViewController.h */,
				4B03191F2F79452C0041EFC7 /* CareerViewController.m */,
				4B0319192F79452C0041EFC7 /* CareerCell.h */,
				4B03191A2F79452C0041EFC7 /* CareerCell.m */,
				4B03191C2F79452C0041EFC7 /* CareerModel.h */,
				4B03191D2F79452C0041EFC7 /* CareerModel.m */,
				4B0319202F79452C0041EFC7 /* CareerViewModel.h */,
				4B0319212F79452C0041EFC7 /* CareerViewModel.m */,
			);
			path = CareerViewController;
			sourceTree = "<group>";
		};
		4B03192B2F79452C0041EFC7 /* TagRankViewController */ = {
			isa = PBXGroup;
			children = (
				4B0319272F79452C0041EFC7 /* TagRankViewController.h */,
				4B0319282F79452C0041EFC7 /* TagRankViewController.m */,
				4B0319232F79452C0041EFC7 /* TagRankCell.h */,
				4B0319242F79452C0041EFC7 /* TagRankCell.m */,
				4B0319252F79452C0041EFC7 /* TagRankModel.h */,
				4B0319262F79452C0041EFC7 /* TagRankModel.m */,
				4B0319292F79452C0041EFC7 /* TagRankViewModel.h */,
				4B03192A2F79452C0041EFC7 /* TagRankViewModel.m */,
			);
			path = TagRankViewController;
			sourceTree = "<group>";
		};
		4B0319362F79452C0041EFC7 /* TotalViewController */ = {
			isa = PBXGroup;
			children = (
				4B0319322F79452C0041EFC7 /* TotalViewController.h */,
				4B0319332F79452C0041EFC7 /* TotalViewController.m */,
				4B03192E2F79452C0041EFC7 /* TotalHeaderView.h */,
				4B03192F2F79452C0041EFC7 /* TotalHeaderView.m */,
				4B03192C2F79452C0041EFC7 /* TotalCell.h */,
				4B03192D2F79452C0041EFC7 /* TotalCell.m */,
				4B0319302F79452C0041EFC7 /* TotalSectionModel.h */,
				4B0319312F79452C0041EFC7 /* TotalSectionModel.m */,
				4B0319342F79452C0041EFC7 /* TotalViewModel.h */,
				4B0319352F79452C0041EFC7 /* TotalViewModel.m */,
				4B0319222F79452C0041EFC7 /* CareerViewController */,
				4B03192B2F79452C0041EFC7 /* TagRankViewController */,
			);
			path = TotalViewController;
			sourceTree = "<group>";
		};
		4B0319392F79452C0041EFC7 /* ViewControllers */ = {
			isa = PBXGroup;
			children = (
				4B0319372F79452C0041EFC7 /* MainTabBarController.h */,
				4B0319382F79452C0041EFC7 /* MainTabBarController.m */,
				4B0319072F79452C0041EFC7 /* HomeViewController */,
				4B0319362F79452C0041EFC7 /* TotalViewController */,
				4B0319182F79452C0041EFC7 /* TagViewController */,
				4B0318F72F79452C0041EFC7 /* ConfigViewController */,
			);
			path = ViewControllers;
			sourceTree = "<group>";
		};
		4B03193E2F79452C0041EFC7 /* NumberInputView */ = {
			isa = PBXGroup;
			children = (
				4B03193C2F79452C0041EFC7 /* NumberInputView.h */,
				4B03193D2F79452C0041EFC7 /* NumberInputView.m */,
				4B03193A2F79452C0041EFC7 /* InputButton.h */,
				4B03193B2F79452C0041EFC7 /* InputButton.m */,
			);
			path = NumberInputView;
			sourceTree = "<group>";
		};
		4B0319452F79452C0041EFC7 /* Views */ = {
			isa = PBXGroup;
			children = (
				4B0319432F79452C0041EFC7 /* TagSelectView.h */,
				4B0319442F79452C0041EFC7 /* TagSelectView.m */,
				4B0319412F79452C0041EFC7 /* SCToolBar.h */,
				4B0319422F79452C0041EFC7 /* SCToolBar.m */,
				4B03193E2F79452C0041EFC7 /* NumberInputView */,
			);
			path = Views;
			sourceTree = "<group>";
		};
		7D2D062AB0DD7C7EBD2808E1 /* Frameworks */ = {
			isa = PBXGroup;
			children = (
				B9D0C68F7EED1D682F79A491 /* Pods_scoreNote.framework */,
			);
			name = Frameworks;
			sourceTree = "<group>";
		};
		F4C1EE76CCF14FFF58A5AEFB /* Pods */ = {
			isa = PBXGroup;
			children = (
				53CCB9C4E7042293F7A66D72 /* Pods-DEMO.debug.xcconfig */,
				9B574DC10A88E432F8AF7D1E /* Pods-DEMO.release.xcconfig */,
				46B7098BD3B60A0BCEF42563 /* Pods-scoreNote.debug.xcconfig */,
				350C2EDCAB195D8E79037E2C /* Pods-scoreNote.release.xcconfig */,
			);
			path = Pods;
			sourceTree = "<group>";
		};
/* End PBXGroup section */

/* Begin PBXNativeTarget section */
		4B0317AD2F7940420041EFC7 /* scoreNote */ = {
			isa = PBXNativeTarget;
			buildConfigurationList = 4B0317C62F79404A0041EFC7 /* Build configuration list for PBXNativeTarget "scoreNote" */;
			buildPhases = (
				F036BC9715CBB0EB1D4D6292 /* [CP] Check Pods Manifest.lock */,
				4B0317AA2F7940420041EFC7 /* Sources */,
				4B0317AB2F7940420041EFC7 /* Frameworks */,
				4B0317AC2F7940420041EFC7 /* Resources */,
				64939C5F8E859425681AC4C9 /* [CP] Embed Pods Frameworks */,
			);
			buildRules = (
			);
			dependencies = (
			);
			name = scoreNote;
			productName = DEMO;
			productReference = 4B0317AE2F7940420041EFC7 /* scoreNote.app */;
			productType = "com.apple.product-type.application";
		};
/* End PBXNativeTarget section */

/* Begin PBXProject section */
		4B0317A62F7940420041EFC7 /* Project object */ = {
			isa = PBXProject;
			attributes = {
				BuildIndependentTargetsInParallel = 1;
				LastUpgradeCheck = 2630;
				TargetAttributes = {
					4B0317AD2F7940420041EFC7 = {
						CreatedOnToolsVersion = 26.3;
					};
				};
			};
			buildConfigurationList = 4B0317A92F7940420041EFC7 /* Build configuration list for PBXProject "scoreNote" */;
			developmentRegion = en;
			hasScannedForEncodings = 0;
			knownRegions = (
				en,
				Base,
			);
			mainGroup = 4B0317A52F7940420041EFC7;
			minimizedProjectReferenceProxies = 1;
			preferredProjectObjectVersion = 77;
			productRefGroup = 4B0317AF2F7940420041EFC7 /* Products */;
			projectDirPath = "";
			projectRoot = "";
			targets = (
				4B0317AD2F7940420041EFC7 /* scoreNote */,
			);
		};
/* End PBXProject section */

/* Begin PBXResourcesBuildPhase section */
		4B0317AC2F7940420041EFC7 /* Resources */ = {
			isa = PBXResourcesBuildPhase;
			buildActionMask = 2147483647;
			files = (
				4B0318B62F79451E0041EFC7 /* welcome@2x.png in Resources */,
				4B0318B72F79451E0041EFC7 /* welcome@3x.png in Resources */,
				4B0319472F79452C0041EFC7 /* ColumnAddViewController.xib in Resources */,
				4B0319852F794C100041EFC7 /* Assets.xcassets in Resources */,
				4B0318AF2F7944FF0041EFC7 /* LaunchScreen.storyboard in Resources */,
			);
			runOnlyForDeploymentPostprocessing = 0;
		};
/* End PBXResourcesBuildPhase section */

/* Begin PBXShellScriptBuildPhase section */
		64939C5F8E859425681AC4C9 /* [CP] Embed Pods Frameworks */ = {
			isa = PBXShellScriptBuildPhase;
			buildActionMask = 2147483647;
			files = (
			);
			inputFileListPaths = (
				"${PODS_ROOT}/Target Support Files/Pods-scoreNote/Pods-scoreNote-frameworks-${CONFIGURATION}-input-files.xcfilelist",
			);
			inputPaths = (
			);
			name = "[CP] Embed Pods Frameworks";
			outputFileListPaths = (
				"${PODS_ROOT}/Target Support Files/Pods-scoreNote/Pods-scoreNote-frameworks-${CONFIGURATION}-output-files.xcfilelist",
			);
			outputPaths = (
			);
			runOnlyForDeploymentPostprocessing = 0;
			shellPath = /bin/sh;
			shellScript = "\"${PODS_ROOT}/Target Support Files/Pods-scoreNote/Pods-scoreNote-frameworks.sh\"\n";
			showEnvVarsInLog = 0;
		};
		F036BC9715CBB0EB1D4D6292 /* [CP] Check Pods Manifest.lock */ = {
			isa = PBXShellScriptBuildPhase;
			buildActionMask = 2147483647;
			files = (
			);
			inputFileListPaths = (
			);
			inputPaths = (
				"${PODS_PODFILE_DIR_PATH}/Podfile.lock",
				"${PODS_ROOT}/Manifest.lock",
			);
			name = "[CP] Check Pods Manifest.lock";
			outputFileListPaths = (
			);
			outputPaths = (
				"$(DERIVED_FILE_DIR)/Pods-scoreNote-checkManifestLockResult.txt",
			);
			runOnlyForDeploymentPostprocessing = 0;
			shellPath = /bin/sh;
			shellScript = "diff \"${PODS_PODFILE_DIR_PATH}/Podfile.lock\" \"${PODS_ROOT}/Manifest.lock\" > /dev/null\nif [ $? != 0 ] ; then\n    # print error to STDERR\n    echo \"error: The sandbox is not in sync with the Podfile.lock. Run 'pod install' or update your CocoaPods installation.\" >&2\n    exit 1\nfi\n# This output is used by Xcode 'outputs' to avoid re-running this script phase.\necho \"SUCCESS\" > \"${SCRIPT_OUTPUT_FILE_0}\"\n";
			showEnvVarsInLog = 0;
		};
/* End PBXShellScriptBuildPhase section */

/* Begin PBXSourcesBuildPhase section */
		4B0317AA2F7940420041EFC7 /* Sources */ = {
			isa = PBXSourcesBuildPhase;
			buildActionMask = 2147483647;
			files = (
				4B0318B02F7944FF0041EFC7 /* AppDelegate.m in Sources */,
				4B0318B12F7944FF0041EFC7 /* main.m in Sources */,
				4B0319482F79452C0041EFC7 /* SCToolBar.m in Sources */,
				4B0319492F79452C0041EFC7 /* ConfigCommonCell.m in Sources */,
				4B03194A2F79452C0041EFC7 /* RecordDetailCell.m in Sources */,
				4B03194B2F79452C0041EFC7 /* SqlHeaderView.m in Sources */,
				4B03194C2F79452C0041EFC7 /* TagRankViewModel.m in Sources */,
				4B03194D2F79452C0041EFC7 /* DataManager.m in Sources */,
				4B03194E2F79452C0041EFC7 /* NSDictionary+log.m in Sources */,
				4B03194F2F79452C0041EFC7 /* ConfigManager.m in Sources */,
				4B0319502F79452C0041EFC7 /* InputButton.m in Sources */,
				4B0319512F79452C0041EFC7 /* TagPinyinModel.m in Sources */,
				4B0319522F79452C0041EFC7 /* TagSelectView.m in Sources */,
				4B0319532F79452C0041EFC7 /* CareerCell.m in Sources */,
				4B0319542F79452C0041EFC7 /* HomeViewController.m in Sources */,
				4B0319552F79452C0041EFC7 /* NSObject+SCHUD.m in Sources */,
				4B0319562F79452C0041EFC7 /* BaseViewController.m in Sources */,
				4B0319572F79452C0041EFC7 /* CareerViewController.m in Sources */,
				4B0319582F79452C0041EFC7 /* ConfigModel.m in Sources */,
				4B0319592F79452C0041EFC7 /* ColumnAddViewController.m in Sources */,
				4B03195A2F79452C0041EFC7 /* NumberInputView.m in Sources */,
				4B03195B2F79452C0041EFC7 /* TagViewController.m in Sources */,
				4B03195C2F79452C0041EFC7 /* UIColor+SCHex.m in Sources */,
				4B03195D2F79452C0041EFC7 /* TagDetailViewController.m in Sources */,
				4B03195E2F79452C0041EFC7 /* SCUtilities.m in Sources */,
				4B03195F2F79452C0041EFC7 /* TagRankCell.m in Sources */,
				4B0319602F79452C0041EFC7 /* CareerViewModel.m in Sources */,
				4B0319612F79452C0041EFC7 /* ColumnManager.m in Sources */,
				4B0319622F79452C0041EFC7 /* SqlEditUtil.m in Sources */,
				4B0319632F79452C0041EFC7 /* TagManager.m in Sources */,
				4B0319642F79452C0041EFC7 /* TotalViewController.m in Sources */,
				4B0319652F79452C0041EFC7 /* ConfigHeaderModel.m in Sources */,
				4B0319662F79452C0041EFC7 /* NSString+SCExtension.m in Sources */,
				4B0319672F79452C0041EFC7 /* RecordModel.m in Sources */,
				4B0319682F79452C0041EFC7 /* TagDetailCell.m in Sources */,
				4B0319692F79452C0041EFC7 /* TagRankViewController.m in Sources */,
				4B03196A2F79452C0041EFC7 /* TagRankModel.m in Sources */,
				4B03196B2F79452C0041EFC7 /* MainTabBarController.m in Sources */,
				4B03196C2F79452C0041EFC7 /* TotalSectionModel.m in Sources */,
				4B03196D2F79452C0041EFC7 /* UIView+SCExtension.m in Sources */,
				4B03196E2F79452C0041EFC7 /* SqlLineViewController.m in Sources */,
				4B03196F2F79452C0041EFC7 /* HomeCell.m in Sources */,
				4B0319702F79452C0041EFC7 /* ConfigViewController.m in Sources */,
				4B0319882F79804D0041EFC7 /* NetworkReachability.m in Sources */,
				4B0319712F79452C0041EFC7 /* NSDictionary+SCExtension.m in Sources */,
				4B0319722F79452C0041EFC7 /* BitCoinViewController.m in Sources */,
				4B0319732F79452C0041EFC7 /* TotalHeaderView.m in Sources */,
				4B0319742F79452C0041EFC7 /* TotalViewModel.m in Sources */,
				4B0319752F79452C0041EFC7 /* RecordManager.m in Sources */,
				4B0319762F79452C0041EFC7 /* UIControl+SCExtension.m in Sources */,
				4B0319772F79452C0041EFC7 /* TotalCell.m in Sources */,
				4B0319782F79452C0041EFC7 /* NSError+SCExtension.m in Sources */,
				4B0319792F79452C0041EFC7 /* TagModel.m in Sources */,
				4B03197A2F79452C0041EFC7 /* ColumnModel.m in Sources */,
				4B03197B2F79452C0041EFC7 /* LineModel.m in Sources */,
				4B03197C2F79452C0041EFC7 /* ConfigFunctionCell.m in Sources */,
				4B03197D2F79452C0041EFC7 /* SqlEditViewController.m in Sources */,
				4B03197E2F79452C0041EFC7 /* BaseNavigationController.m in Sources */,
				4B03197F2F79452C0041EFC7 /* NSDate+SCExtension.m in Sources */,
				4B0319802F79452C0041EFC7 /* TagCell.m in Sources */,
				4B0319812F79452C0041EFC7 /* RecordDetailViewController.m in Sources */,
				4B0319822F79452C0041EFC7 /* ConfigCalculateCell.m in Sources */,
				4B0319832F79452C0041EFC7 /* CareerModel.m in Sources */,
				4B0318B22F7944FF0041EFC7 /* SceneDelegate.m in Sources */,
			);
			runOnlyForDeploymentPostprocessing = 0;
		};
/* End PBXSourcesBuildPhase section */

/* Begin PBXVariantGroup section */
		4B0318A82F7944FF0041EFC7 /* LaunchScreen.storyboard */ = {
			isa = PBXVariantGroup;
			children = (
				4B0318A72F7944FF0041EFC7 /* Base */,
			);
			name = LaunchScreen.storyboard;
			sourceTree = "<group>";
		};
/* End PBXVariantGroup section */

/* Begin XCBuildConfiguration section */
		4B0317C72F79404A0041EFC7 /* Debug */ = {
			isa = XCBuildConfiguration;
			baseConfigurationReference = 46B7098BD3B60A0BCEF42563 /* Pods-scoreNote.debug.xcconfig */;
			buildSettings = {
				ASSETCATALOG_COMPILER_APPICON_NAME = AppIcon;
				ASSETCATALOG_COMPILER_GLOBAL_ACCENT_COLOR_NAME = AccentColor;
				CODE_SIGN_STYLE = Automatic;
				CURRENT_PROJECT_VERSION = 1;
				DEVELOPMENT_TEAM = LUKSH2E75G;
				ENABLE_USER_SCRIPT_SANDBOXING = NO;
				GCC_PRECOMPILE_PREFIX_HEADER = YES;
				GCC_PREFIX_HEADER = "$(SRCROOT)/scoreNote/Utils/CommonPrefix.pch";
				GENERATE_INFOPLIST_FILE = YES;
				INFOPLIST_FILE = "/Users/Zhuanz/Documents/scoreNote/scoreNote/Supporting Files/Info.plist";
				INFOPLIST_KEY_CFBundleDisplayName = "得分笔记";
				INFOPLIST_KEY_UIApplicationSupportsIndirectInputEvents = YES;
				INFOPLIST_KEY_UILaunchStoryboardName = LaunchScreen;
				INFOPLIST_KEY_UISupportedInterfaceOrientations_iPad = "UIInterfaceOrientationPortrait UIInterfaceOrientationPortraitUpsideDown UIInterfaceOrientationLandscapeLeft UIInterfaceOrientationLandscapeRight";
				INFOPLIST_KEY_UISupportedInterfaceOrientations_iPhone = "UIInterfaceOrientationPortrait UIInterfaceOrientationLandscapeLeft UIInterfaceOrientationLandscapeRight";
				IPHONEOS_DEPLOYMENT_TARGET = 15.6;
				LD_RUNPATH_SEARCH_PATHS = (
					"$(inherited)",
					"@executable_path/Frameworks",
				);
				MARKETING_VERSION = 2.0.0;
				PRODUCT_BUNDLE_IDENTIFIER = com.junyu.scoreNote5;
				PRODUCT_NAME = "$(TARGET_NAME)";
				STRING_CATALOG_GENERATE_SYMBOLS = YES;
				SUPPORTED_PLATFORMS = "iphoneos iphonesimulator";
				SUPPORTS_MACCATALYST = NO;
				SUPPORTS_MAC_DESIGNED_FOR_IPHONE_IPAD = NO;
				SUPPORTS_XR_DESIGNED_FOR_IPHONE_IPAD = NO;
				SWIFT_EMIT_LOC_STRINGS = YES;
				TARGETED_DEVICE_FAMILY = 1;
			};
			name = Debug;
		};
		4B0317C82F79404A0041EFC7 /* Release */ = {
			isa = XCBuildConfiguration;
			baseConfigurationReference = 350C2EDCAB195D8E79037E2C /* Pods-scoreNote.release.xcconfig */;
			buildSettings = {
				ASSETCATALOG_COMPILER_APPICON_NAME = AppIcon;
				ASSETCATALOG_COMPILER_GLOBAL_ACCENT_COLOR_NAME = AccentColor;
				CODE_SIGN_STYLE = Automatic;
				CURRENT_PROJECT_VERSION = 1;
				DEVELOPMENT_TEAM = LUKSH2E75G;
				ENABLE_USER_SCRIPT_SANDBOXING = NO;
				GCC_PRECOMPILE_PREFIX_HEADER = YES;
				GCC_PREFIX_HEADER = "$(SRCROOT)/scoreNote/Utils/CommonPrefix.pch";
				GENERATE_INFOPLIST_FILE = YES;
				INFOPLIST_FILE = "/Users/Zhuanz/Documents/scoreNote/scoreNote/Supporting Files/Info.plist";
				INFOPLIST_KEY_CFBundleDisplayName = "得分笔记";
				INFOPLIST_KEY_UIApplicationSupportsIndirectInputEvents = YES;
				INFOPLIST_KEY_UILaunchStoryboardName = LaunchScreen;
				INFOPLIST_KEY_UISupportedInterfaceOrientations_iPad = "UIInterfaceOrientationPortrait UIInterfaceOrientationPortraitUpsideDown UIInterfaceOrientationLandscapeLeft UIInterfaceOrientationLandscapeRight";
				INFOPLIST_KEY_UISupportedInterfaceOrientations_iPhone = "UIInterfaceOrientationPortrait UIInterfaceOrientationLandscapeLeft UIInterfaceOrientationLandscapeRight";
				IPHONEOS_DEPLOYMENT_TARGET = 15.6;
				LD_RUNPATH_SEARCH_PATHS = (
					"$(inherited)",
					"@executable_path/Frameworks",
				);
				MARKETING_VERSION = 2.0.0;
				PRODUCT_BUNDLE_IDENTIFIER = com.junyu.scoreNote5;
				PRODUCT_NAME = "$(TARGET_NAME)";
				STRING_CATALOG_GENERATE_SYMBOLS = YES;
				SUPPORTED_PLATFORMS = "iphoneos iphonesimulator";
				SUPPORTS_MACCATALYST = NO;
				SUPPORTS_MAC_DESIGNED_FOR_IPHONE_IPAD = NO;
				SUPPORTS_XR_DESIGNED_FOR_IPHONE_IPAD = NO;
				SWIFT_EMIT_LOC_STRINGS = YES;
				TARGETED_DEVICE_FAMILY = 1;
			};
			name = Release;
		};
		4B0317C92F79404A0041EFC7 /* Debug */ = {
			isa = XCBuildConfiguration;
			buildSettings = {
				ALWAYS_SEARCH_USER_PATHS = NO;
				ASSETCATALOG_COMPILER_GENERATE_SWIFT_ASSET_SYMBOL_EXTENSIONS = YES;
				CLANG_ANALYZER_NONNULL = YES;
				CLANG_ANALYZER_NUMBER_OBJECT_CONVERSION = YES_AGGRESSIVE;
				CLANG_CXX_LANGUAGE_STANDARD = "gnu++20";
				CLANG_ENABLE_MODULES = YES;
				CLANG_ENABLE_OBJC_ARC = YES;
				CLANG_ENABLE_OBJC_WEAK = YES;
				CLANG_WARN_BLOCK_CAPTURE_AUTORELEASING = YES;
				CLANG_WARN_BOOL_CONVERSION = YES;
				CLANG_WARN_COMMA = YES;
				CLANG_WARN_CONSTANT_CONVERSION = YES;
				CLANG_WARN_DEPRECATED_OBJC_IMPLEMENTATIONS = YES;
				CLANG_WARN_DIRECT_OBJC_ISA_USAGE = YES_ERROR;
				CLANG_WARN_DOCUMENTATION_COMMENTS = YES;
				CLANG_WARN_EMPTY_BODY = YES;
				CLANG_WARN_ENUM_CONVERSION = YES;
				CLANG_WARN_INFINITE_RECURSION = YES;
				CLANG_WARN_INT_CONVERSION = YES;
				CLANG_WARN_NON_LITERAL_NULL_CONVERSION = YES;
				CLANG_WARN_OBJC_IMPLICIT_RETAIN_SELF = YES;
				CLANG_WARN_OBJC_LITERAL_CONVERSION = YES;
				CLANG_WARN_OBJC_ROOT_CLASS = YES_ERROR;
				CLANG_WARN_QUOTED_INCLUDE_IN_FRAMEWORK_HEADER = YES;
				CLANG_WARN_RANGE_LOOP_ANALYSIS = YES;
				CLANG_WARN_STRICT_PROTOTYPES = YES;
				CLANG_WARN_SUSPICIOUS_MOVE = YES;
				CLANG_WARN_UNGUARDED_AVAILABILITY = YES_AGGRESSIVE;
				CLANG_WARN_UNREACHABLE_CODE = YES;
				CLANG_WARN__DUPLICATE_METHOD_MATCH = YES;
				COPY_PHASE_STRIP = NO;
				DEBUG_INFORMATION_FORMAT = dwarf;
				DEVELOPMENT_TEAM = LUKSH2E75G;
				ENABLE_STRICT_OBJC_MSGSEND = YES;
				ENABLE_TESTABILITY = YES;
				ENABLE_USER_SCRIPT_SANDBOXING = YES;
				GCC_C_LANGUAGE_STANDARD = gnu17;
				GCC_DYNAMIC_NO_PIC = NO;
				GCC_NO_COMMON_BLOCKS = YES;
				GCC_OPTIMIZATION_LEVEL = 0;
				GCC_PREPROCESSOR_DEFINITIONS = (
					"DEBUG=1",
					"$(inherited)",
				);
				GCC_WARN_64_TO_32_BIT_CONVERSION = YES;
				GCC_WARN_ABOUT_RETURN_TYPE = YES_ERROR;
				GCC_WARN_UNDECLARED_SELECTOR = YES;
				GCC_WARN_UNINITIALIZED_AUTOS = YES_AGGRESSIVE;
				GCC_WARN_UNUSED_FUNCTION = YES;
				GCC_WARN_UNUSED_VARIABLE = YES;
				IPHONEOS_DEPLOYMENT_TARGET = 26.2;
				LOCALIZATION_PREFERS_STRING_CATALOGS = YES;
				MTL_ENABLE_DEBUG_INFO = INCLUDE_SOURCE;
				MTL_FAST_MATH = YES;
				ONLY_ACTIVE_ARCH = YES;
				SDKROOT = iphoneos;
			};
			name = Debug;
		};
		4B0317CA2F79404A0041EFC7 /* Release */ = {
			isa = XCBuildConfiguration;
			buildSettings = {
				ALWAYS_SEARCH_USER_PATHS = NO;
				ASSETCATALOG_COMPILER_GENERATE_SWIFT_ASSET_SYMBOL_EXTENSIONS = YES;
				CLANG_ANALYZER_NONNULL = YES;
				CLANG_ANALYZER_NUMBER_OBJECT_CONVERSION = YES_AGGRESSIVE;
				CLANG_CXX_LANGUAGE_STANDARD = "gnu++20";
				CLANG_ENABLE_MODULES = YES;
				CLANG_ENABLE_OBJC_ARC = YES;
				CLANG_ENABLE_OBJC_WEAK = YES;
				CLANG_WARN_BLOCK_CAPTURE_AUTORELEASING = YES;
				CLANG_WARN_BOOL_CONVERSION = YES;
				CLANG_WARN_COMMA = YES;
				CLANG_WARN_CONSTANT_CONVERSION = YES;
				CLANG_WARN_DEPRECATED_OBJC_IMPLEMENTATIONS = YES;
				CLANG_WARN_DIRECT_OBJC_ISA_USAGE = YES_ERROR;
				CLANG_WARN_DOCUMENTATION_COMMENTS = YES;
				CLANG_WARN_EMPTY_BODY = YES;
				CLANG_WARN_ENUM_CONVERSION = YES;
				CLANG_WARN_INFINITE_RECURSION = YES;
				CLANG_WARN_INT_CONVERSION = YES;
				CLANG_WARN_NON_LITERAL_NULL_CONVERSION = YES;
				CLANG_WARN_OBJC_IMPLICIT_RETAIN_SELF = YES;
				CLANG_WARN_OBJC_LITERAL_CONVERSION = YES;
				CLANG_WARN_OBJC_ROOT_CLASS = YES_ERROR;
				CLANG_WARN_QUOTED_INCLUDE_IN_FRAMEWORK_HEADER = YES;
				CLANG_WARN_RANGE_LOOP_ANALYSIS = YES;
				CLANG_WARN_STRICT_PROTOTYPES = YES;
				CLANG_WARN_SUSPICIOUS_MOVE = YES;
				CLANG_WARN_UNGUARDED_AVAILABILITY = YES_AGGRESSIVE;
				CLANG_WARN_UNREACHABLE_CODE = YES;
				CLANG_WARN__DUPLICATE_METHOD_MATCH = YES;
				COPY_PHASE_STRIP = NO;
				DEBUG_INFORMATION_FORMAT = "dwarf-with-dsym";
				DEVELOPMENT_TEAM = LUKSH2E75G;
				ENABLE_NS_ASSERTIONS = NO;
				ENABLE_STRICT_OBJC_MSGSEND = YES;
				ENABLE_USER_SCRIPT_SANDBOXING = YES;
				GCC_C_LANGUAGE_STANDARD = gnu17;
				GCC_NO_COMMON_BLOCKS = YES;
				GCC_WARN_64_TO_32_BIT_CONVERSION = YES;
				GCC_WARN_ABOUT_RETURN_TYPE = YES_ERROR;
				GCC_WARN_UNDECLARED_SELECTOR = YES;
				GCC_WARN_UNINITIALIZED_AUTOS = YES_AGGRESSIVE;
				GCC_WARN_UNUSED_FUNCTION = YES;
				GCC_WARN_UNUSED_VARIABLE = YES;
				IPHONEOS_DEPLOYMENT_TARGET = 26.2;
				LOCALIZATION_PREFERS_STRING_CATALOGS = YES;
				MTL_ENABLE_DEBUG_INFO = NO;
				MTL_FAST_MATH = YES;
				SDKROOT = iphoneos;
				VALIDATE_PRODUCT = YES;
			};
			name = Release;
		};
/* End XCBuildConfiguration section */

/* Begin XCConfigurationList section */
		4B0317A92F7940420041EFC7 /* Build configuration list for PBXProject "scoreNote" */ = {
			isa = XCConfigurationList;
			buildConfigurations = (
				4B0317C92F79404A0041EFC7 /* Debug */,
				4B0317CA2F79404A0041EFC7 /* Release */,
			);
			defaultConfigurationIsVisible = 0;
			defaultConfigurationName = Release;
		};
		4B0317C62F79404A0041EFC7 /* Build configuration list for PBXNativeTarget "scoreNote" */ = {
			isa = XCConfigurationList;
			buildConfigurations = (
				4B0317C72F79404A0041EFC7 /* Debug */,
				4B0317C82F79404A0041EFC7 /* Release */,
			);
			defaultConfigurationIsVisible = 0;
			defaultConfigurationName = Release;
		};
/* End XCConfigurationList section */
	};
	rootObject = 4B0317A62F7940420041EFC7 /* Project object */;
}
