// !$*UTF8*$!
{
	archiveVersion = 1;
	classes = {
	};
	objectVersion = 55;
	objects = {

/* Begin PBXBuildFile section */
		225BA16F0BE150C667364667 /* Pods_scoreNote.framework in Frameworks */ = {isa = PBXBuildFile; fileRef = 3BBF0FBCE82D254DECFFDB4D /* Pods_scoreNote.framework */; };
		4B03922D2BECAC5900E6E7C4 /* InputButton.m in Sources */ = {isa = PBXBuildFile; fileRef = 4B03922C2BECAC5900E6E7C4 /* InputButton.m */; };
		4B0B1F1E2C5F819D0008C94C /* TagModel.m in Sources */ = {isa = PBXBuildFile; fileRef = 4B0B1F1D2C5F819D0008C94C /* TagModel.m */; };
		4B0B1F212C5F86330008C94C /* TagSelectView.m in Sources */ = {isa = PBXBuildFile; fileRef = 4B0B1F202C5F86330008C94C /* TagSelectView.m */; };
		4B0B1F242C5F9A6E0008C94C /* SqlEditUtil.m in Sources */ = {isa = PBXBuildFile; fileRef = 4B0B1F232C5F9A6E0008C94C /* SqlEditUtil.m */; };
		4B0B1F292C5FBE910008C94C /* TagPinyinModel.m in Sources */ = {isa = PBXBuildFile; fileRef = 4B0B1F282C5FBE910008C94C /* TagPinyinModel.m */; };
		4B2DC7D52C14845300D23CE8 /* BitCoinViewController.m in Sources */ = {isa = PBXBuildFile; fileRef = 4B2DC7D42C14845300D23CE8 /* BitCoinViewController.m */; };
		4B529F6B2C4B75EA0044736F /* TagRankViewController.m in Sources */ = {isa = PBXBuildFile; fileRef = 4B529F6A2C4B75EA0044736F /* TagRankViewController.m */; };
		4B529F6F2C4BB8F00044736F /* TagRankModel.m in Sources */ = {isa = PBXBuildFile; fileRef = 4B529F6E2C4BB8F00044736F /* TagRankModel.m */; };
		4B529F752C4BCF0B0044736F /* TagRankViewModel.m in Sources */ = {isa = PBXBuildFile; fileRef = 4B529F742C4BCF0B0044736F /* TagRankViewModel.m */; };
		4B7A333D2C4EC4DF00F91B34 /* TagDetailViewController.m in Sources */ = {isa = PBXBuildFile; fileRef = 4B7A333C2C4EC4DF00F91B34 /* TagDetailViewController.m */; };
		4B7A33442C4ECA0D00F91B34 /* TagDetailCell.xib in Resources */ = {isa = PBXBuildFile; fileRef = 4B7A33432C4ECA0D00F91B34 /* TagDetailCell.xib */; };
		4B7A33452C4ECA0D00F91B34 /* TagDetailCell.m in Sources */ = {isa = PBXBuildFile; fileRef = 4B7A33422C4ECA0D00F91B34 /* TagDetailCell.m */; };
		4B7A33482C4ED7FE00F91B34 /* TagRankCell.m in Sources */ = {isa = PBXBuildFile; fileRef = 4B7A33472C4ED7FE00F91B34 /* TagRankCell.m */; };
		4B9370F62BEA866200DCA1DF /* NumberInputView.m in Sources */ = {isa = PBXBuildFile; fileRef = 4B9370F52BEA866200DCA1DF /* NumberInputView.m */; };
		4B94AAFB2C62537000E33F5D /* ColumnManager.m in Sources */ = {isa = PBXBuildFile; fileRef = 4B94AAFA2C62537000E33F5D /* ColumnManager.m */; };
		4B94AAFE2C62620000E33F5D /* ColumnModel.m in Sources */ = {isa = PBXBuildFile; fileRef = 4B94AAFD2C62620000E33F5D /* ColumnModel.m */; };
		4B9C1BF12C5F3C9200D4D77F /* LineModel.m in Sources */ = {isa = PBXBuildFile; fileRef = 4B9C1BF02C5F3C9200D4D77F /* LineModel.m */; };
		4B9C1BFC2C5F426200D4D77F /* CommonHeaderView.m in Sources */ = {isa = PBXBuildFile; fileRef = 4B9C1BFB2C5F426200D4D77F /* CommonHeaderView.m */; };
		4BAA8C812C5BCFE600283103 /* CareerViewController.m in Sources */ = {isa = PBXBuildFile; fileRef = 4BAA8C802C5BCFE600283103 /* CareerViewController.m */; };
		4BADE9852C5DDB33008D67EC /* CareerViewModel.m in Sources */ = {isa = PBXBuildFile; fileRef = 4BADE9842C5DDB33008D67EC /* CareerViewModel.m */; };
		4BADE9882C5DDC25008D67EC /* CareerModel.m in Sources */ = {isa = PBXBuildFile; fileRef = 4BADE9872C5DDC25008D67EC /* CareerModel.m */; };
		4BADE9972C5E4376008D67EC /* CareerCell.m in Sources */ = {isa = PBXBuildFile; fileRef = 4BADE9952C5E4376008D67EC /* CareerCell.m */; };
		4BADE9982C5E4376008D67EC /* CareerCell.xib in Resources */ = {isa = PBXBuildFile; fileRef = 4BADE9962C5E4376008D67EC /* CareerCell.xib */; };
		4BADE99F2C5E6194008D67EC /* SqlEditViewController.m in Sources */ = {isa = PBXBuildFile; fileRef = 4BADE99E2C5E6194008D67EC /* SqlEditViewController.m */; };
		4BADE9A82C5E7A9C008D67EC /* SqlLineViewController.m in Sources */ = {isa = PBXBuildFile; fileRef = 4BADE9A72C5E7A9C008D67EC /* SqlLineViewController.m */; };
		4BD3A8672C628F3600BB146C /* ColumnAddViewController.xib in Resources */ = {isa = PBXBuildFile; fileRef = 4BD3A8662C628F3600BB146C /* ColumnAddViewController.xib */; };
		4BD3A8682C628F3600BB146C /* ColumnAddViewController.m in Sources */ = {isa = PBXBuildFile; fileRef = 4BD3A8652C628F3600BB146C /* ColumnAddViewController.m */; };
		4D0806722AEAB6DC007BB9BF /* SCToolBar.m in Sources */ = {isa = PBXBuildFile; fileRef = 4D0806712AEAB6DC007BB9BF /* SCToolBar.m */; };
		4D25D7F02902EEF900CCEC01 /* SideBar.m in Sources */ = {isa = PBXBuildFile; fileRef = 4D25D7EF2902EEF900CCEC01 /* SideBar.m */; };
		4D368C662AED777500700B2C /* ConfigManager.m in Sources */ = {isa = PBXBuildFile; fileRef = 4D368C652AED777500700B2C /* ConfigManager.m */; };
		4D4FA1492AED696800D2C2AF /* ConfigCell.m in Sources */ = {isa = PBXBuildFile; fileRef = 4D4FA1472AED696800D2C2AF /* ConfigCell.m */; };
		4D4FA14A2AED696800D2C2AF /* ConfigCell.xib in Resources */ = {isa = PBXBuildFile; fileRef = 4D4FA1482AED696800D2C2AF /* ConfigCell.xib */; };
		4D6EFC162AEE3F7700A446FF /* TotalViewModel.m in Sources */ = {isa = PBXBuildFile; fileRef = 4D6EFC152AEE3F7700A446FF /* TotalViewModel.m */; };
		4D77489527A6489000F505EA /* RecordView.m in Sources */ = {isa = PBXBuildFile; fileRef = 4D77489427A6489000F505EA /* RecordView.m */; };
		4D7748A127A656C800F505EA /* LineCell.m in Sources */ = {isa = PBXBuildFile; fileRef = 4D77489F27A656C800F505EA /* LineCell.m */; };
		4D7748A227A656C800F505EA /* LineCell.xib in Resources */ = {isa = PBXBuildFile; fileRef = 4D7748A027A656C800F505EA /* LineCell.xib */; };
		4D7748C127A69D3F00F505EA /* RecordView.xib in Resources */ = {isa = PBXBuildFile; fileRef = 4D7748C027A69D3F00F505EA /* RecordView.xib */; };
		4D7FCE4A27AD89CF00BF3009 /* RecordDetailViewController.m in Sources */ = {isa = PBXBuildFile; fileRef = 4D7FCE4927AD89CF00BF3009 /* RecordDetailViewController.m */; };
		4D7FCE4D27AEA30600BF3009 /* DataManager.m in Sources */ = {isa = PBXBuildFile; fileRef = 4D7FCE4C27AEA30600BF3009 /* DataManager.m */; };
		4D84EFF527A38AC80094558F /* AppDelegate.m in Sources */ = {isa = PBXBuildFile; fileRef = 4D84EFF427A38AC80094558F /* AppDelegate.m */; };
		4D84F00327A38ACC0094558F /* Assets.xcassets in Resources */ = {isa = PBXBuildFile; fileRef = 4D84F00227A38ACC0094558F /* Assets.xcassets */; };
		4D84F00927A38ACC0094558F /* main.m in Sources */ = {isa = PBXBuildFile; fileRef = 4D84F00827A38ACC0094558F /* main.m */; };
		4D84F03327A38DB20094558F /* BaseViewController.m in Sources */ = {isa = PBXBuildFile; fileRef = 4D84F03227A38DB20094558F /* BaseViewController.m */; };
		4D84F03627A38DE20094558F /* MainTabBarController.m in Sources */ = {isa = PBXBuildFile; fileRef = 4D84F03527A38DE20094558F /* MainTabBarController.m */; };
		4D84F04027A3965E0094558F /* SCUtilities.m in Sources */ = {isa = PBXBuildFile; fileRef = 4D84F03B27A3965E0094558F /* SCUtilities.m */; };
		4D84F05B27A396AF0094558F /* NSObject+SCHUD.m in Sources */ = {isa = PBXBuildFile; fileRef = 4D84F04327A396AF0094558F /* NSObject+SCHUD.m */; };
		4D84F05C27A396AF0094558F /* NSDate+SCExtension.m in Sources */ = {isa = PBXBuildFile; fileRef = 4D84F04427A396AF0094558F /* NSDate+SCExtension.m */; };
		4D84F05F27A396AF0094558F /* UIControl+SCExtension.m in Sources */ = {isa = PBXBuildFile; fileRef = 4D84F04827A396AF0094558F /* UIControl+SCExtension.m */; };
		4D84F06027A396AF0094558F /* NSError+SCExtension.m in Sources */ = {isa = PBXBuildFile; fileRef = 4D84F04927A396AF0094558F /* NSError+SCExtension.m */; };
		4D84F06227A396AF0094558F /* NSString+SCExtension.m in Sources */ = {isa = PBXBuildFile; fileRef = 4D84F05527A396AF0094558F /* NSString+SCExtension.m */; };
		4D84F06427A396AF0094558F /* UIColor+SCHex.m in Sources */ = {isa = PBXBuildFile; fileRef = 4D84F05727A396AF0094558F /* UIColor+SCHex.m */; };
		4D84F06527A396AF0094558F /* NSDictionary+SCExtension.m in Sources */ = {isa = PBXBuildFile; fileRef = 4D84F05927A396AF0094558F /* NSDictionary+SCExtension.m */; };
		4D84F06627A396AF0094558F /* UIView+SCExtension.m in Sources */ = {isa = PBXBuildFile; fileRef = 4D84F05A27A396AF0094558F /* UIView+SCExtension.m */; };
		4D84F07627A3BC200094558F /* LaunchScreen.storyboard in Resources */ = {isa = PBXBuildFile; fileRef = 4D84F07527A3BC200094558F /* LaunchScreen.storyboard */; };
		4D84F07A27A3BD8A0094558F /* NSDictionary+log.m in Sources */ = {isa = PBXBuildFile; fileRef = 4D84F07827A3BD8A0094558F /* NSDictionary+log.m */; };
		4D84F08327A3BDB10094558F /* Tab_Home@2x.png in Resources */ = {isa = PBXBuildFile; fileRef = 4D84F07B27A3BDB00094558F /* Tab_Home@2x.png */; };
		4D84F08427A3BDB10094558F /* Tab_Home_selected@2x.png in Resources */ = {isa = PBXBuildFile; fileRef = 4D84F07C27A3BDB00094558F /* Tab_Home_selected@2x.png */; };
		4D84F08527A3BDB10094558F /* Tab_Category_selected@2x.png in Resources */ = {isa = PBXBuildFile; fileRef = 4D84F07D27A3BDB10094558F /* Tab_Category_selected@2x.png */; };
		4D84F08627A3BDB10094558F /* Tab_Cart_selected@2x.png in Resources */ = {isa = PBXBuildFile; fileRef = 4D84F07E27A3BDB10094558F /* Tab_Cart_selected@2x.png */; };
		4D84F08727A3BDB10094558F /* Tab_MyOrder@2x.png in Resources */ = {isa = PBXBuildFile; fileRef = 4D84F07F27A3BDB10094558F /* Tab_MyOrder@2x.png */; };
		4D84F08827A3BDB10094558F /* Tab_MyOrder_selected@2x.png in Resources */ = {isa = PBXBuildFile; fileRef = 4D84F08027A3BDB10094558F /* Tab_MyOrder_selected@2x.png */; };
		4D84F08927A3BDB10094558F /* Tab_Cart@2x.png in Resources */ = {isa = PBXBuildFile; fileRef = 4D84F08127A3BDB10094558F /* Tab_Cart@2x.png */; };
		4D84F08A27A3BDB10094558F /* Tab_Category@2x.png in Resources */ = {isa = PBXBuildFile; fileRef = 4D84F08227A3BDB10094558F /* Tab_Category@2x.png */; };
		4D84F09227A3C0020094558F /* BaseNavigationController.m in Sources */ = {isa = PBXBuildFile; fileRef = 4D84F09127A3C0020094558F /* BaseNavigationController.m */; };
		4D84F09B27A3C2790094558F /* ConfigViewController.m in Sources */ = {isa = PBXBuildFile; fileRef = 4D84F09927A3C2790094558F /* ConfigViewController.m */; };
		4D84F09C27A3C2790094558F /* ConfigViewController.xib in Resources */ = {isa = PBXBuildFile; fileRef = 4D84F09A27A3C2790094558F /* ConfigViewController.xib */; };
		4D8A654E27AB75EE0082C1A3 /* HomeViewController.m in Sources */ = {isa = PBXBuildFile; fileRef = 4D8A654D27AB75ED0082C1A3 /* HomeViewController.m */; };
		4D8E69A22AEE894E00458818 /* RecordManager.m in Sources */ = {isa = PBXBuildFile; fileRef = 4D8E69A12AEE894E00458818 /* RecordManager.m */; };
		4D8E69A52AEE8BCA00458818 /* TagManager.m in Sources */ = {isa = PBXBuildFile; fileRef = 4D8E69A42AEE8BCA00458818 /* TagManager.m */; };
		4D8E69AF2AF1431700458818 /* TotalViewController.m in Sources */ = {isa = PBXBuildFile; fileRef = 4D8E69AD2AF1431700458818 /* TotalViewController.m */; };
		4D8E69B02AF1431700458818 /* TotalViewController.xib in Resources */ = {isa = PBXBuildFile; fileRef = 4D8E69AE2AF1431700458818 /* TotalViewController.xib */; };
		4D8E69B82AF146A300458818 /* TotalSectionModel.m in Sources */ = {isa = PBXBuildFile; fileRef = 4D8E69B72AF146A300458818 /* TotalSectionModel.m */; };
		4D8E69C12AF15A8500458818 /* TagViewController.m in Sources */ = {isa = PBXBuildFile; fileRef = 4D8E69BF2AF15A8500458818 /* TagViewController.m */; };
		4D8E69C22AF15A8500458818 /* TagViewController.xib in Resources */ = {isa = PBXBuildFile; fileRef = 4D8E69C02AF15A8500458818 /* TagViewController.xib */; };
		4DBBF52627A4F6F900EFCD8F /* RecordModel.m in Sources */ = {isa = PBXBuildFile; fileRef = 4DBBF52527A4F6F900EFCD8F /* RecordModel.m */; };
		4DC4EC1A27B2462400049E8B /* score@2x.png in Resources */ = {isa = PBXBuildFile; fileRef = 4DC4EC1827B2462400049E8B /* score@2x.png */; };
		4DC4EC1B27B2462400049E8B /* score@3x.png in Resources */ = {isa = PBXBuildFile; fileRef = 4DC4EC1927B2462400049E8B /* score@3x.png */; };
		4DC9255429FF5AF9004556ED /* TagCell.m in Sources */ = {isa = PBXBuildFile; fileRef = 4DC9255229FF5AF9004556ED /* TagCell.m */; };
		4DC9255529FF5AF9004556ED /* TagCell.xib in Resources */ = {isa = PBXBuildFile; fileRef = 4DC9255329FF5AF9004556ED /* TagCell.xib */; };
/* End PBXBuildFile section */

/* Begin PBXContainerItemProxy section */
		4D84F00F27A38ACD0094558F /* PBXContainerItemProxy */ = {
			isa = PBXContainerItemProxy;
			containerPortal = 4D84EFE827A38AC80094558F /* Project object */;
			proxyType = 1;
			remoteGlobalIDString = 4D84EFEF27A38AC80094558F;
			remoteInfo = scoreNote;
		};
		4D84F01927A38ACD0094558F /* PBXContainerItemProxy */ = {
			isa = PBXContainerItemProxy;
			containerPortal = 4D84EFE827A38AC80094558F /* Project object */;
			proxyType = 1;
			remoteGlobalIDString = 4D84EFEF27A38AC80094558F;
			remoteInfo = scoreNote;
		};
/* End PBXContainerItemProxy section */

/* Begin PBXFileReference section */
		1AF4A3D1689A62C107F97943 /* Pods-scoreNote.debug.xcconfig */ = {isa = PBXFileReference; includeInIndex = 1; lastKnownFileType = text.xcconfig; name = "Pods-scoreNote.debug.xcconfig"; path = "Target Support Files/Pods-scoreNote/Pods-scoreNote.debug.xcconfig"; sourceTree = "<group>"; };
		3BBF0FBCE82D254DECFFDB4D /* Pods_scoreNote.framework */ = {isa = PBXFileReference; explicitFileType = wrapper.framework; includeInIndex = 0; path = Pods_scoreNote.framework; sourceTree = BUILT_PRODUCTS_DIR; };
		4B03922B2BECAC5900E6E7C4 /* InputButton.h */ = {isa = PBXFileReference; lastKnownFileType = sourcecode.c.h; path = InputButton.h; sourceTree = "<group>"; };
		4B03922C2BECAC5900E6E7C4 /* InputButton.m */ = {isa = PBXFileReference; lastKnownFileType = sourcecode.c.objc; path = InputButton.m; sourceTree = "<group>"; };
		4B0B1F1C2C5F819D0008C94C /* TagModel.h */ = {isa = PBXFileReference; lastKnownFileType = sourcecode.c.h; path = TagModel.h; sourceTree = "<group>"; };
		4B0B1F1D2C5F819D0008C94C /* TagModel.m */ = {isa = PBXFileReference; lastKnownFileType = sourcecode.c.objc; path = TagModel.m; sourceTree = "<group>"; };
		4B0B1F1F2C5F86330008C94C /* TagSelectView.h */ = {isa = PBXFileReference; lastKnownFileType = sourcecode.c.h; path = TagSelectView.h; sourceTree = "<group>"; };
		4B0B1F202C5F86330008C94C /* TagSelectView.m */ = {isa = PBXFileReference; lastKnownFileType = sourcecode.c.objc; path = TagSelectView.m; sourceTree = "<group>"; };
		4B0B1F222C5F9A6E0008C94C /* SqlEditUtil.h */ = {isa = PBXFileReference; lastKnownFileType = sourcecode.c.h; path = SqlEditUtil.h; sourceTree = "<group>"; };
		4B0B1F232C5F9A6E0008C94C /* SqlEditUtil.m */ = {isa = PBXFileReference; lastKnownFileType = sourcecode.c.objc; path = SqlEditUtil.m; sourceTree = "<group>"; };
		4B0B1F272C5FBE910008C94C /* TagPinyinModel.h */ = {isa = PBXFileReference; lastKnownFileType = sourcecode.c.h; path = TagPinyinModel.h; sourceTree = "<group>"; };
		4B0B1F282C5FBE910008C94C /* TagPinyinModel.m */ = {isa = PBXFileReference; lastKnownFileType = sourcecode.c.objc; path = TagPinyinModel.m; sourceTree = "<group>"; };
		4B2DC7D32C14845300D23CE8 /* BitCoinViewController.h */ = {isa = PBXFileReference; lastKnownFileType = sourcecode.c.h; path = BitCoinViewController.h; sourceTree = "<group>"; };
		4B2DC7D42C14845300D23CE8 /* BitCoinViewController.m */ = {isa = PBXFileReference; lastKnownFileType = sourcecode.c.objc; path = BitCoinViewController.m; sourceTree = "<group>"; };
		4B529F692C4B75EA0044736F /* TagRankViewController.h */ = {isa = PBXFileReference; lastKnownFileType = sourcecode.c.h; path = TagRankViewController.h; sourceTree = "<group>"; };
		4B529F6A2C4B75EA0044736F /* TagRankViewController.m */ = {isa = PBXFileReference; lastKnownFileType = sourcecode.c.objc; path = TagRankViewController.m; sourceTree = "<group>"; };
		4B529F6D2C4BB8F00044736F /* TagRankModel.h */ = {isa = PBXFileReference; lastKnownFileType = sourcecode.c.h; path = TagRankModel.h; sourceTree = "<group>"; };
		4B529F6E2C4BB8F00044736F /* TagRankModel.m */ = {isa = PBXFileReference; lastKnownFileType = sourcecode.c.objc; path = TagRankModel.m; sourceTree = "<group>"; };
		4B529F732C4BCF0B0044736F /* TagRankViewModel.h */ = {isa = PBXFileReference; lastKnownFileType = sourcecode.c.h; path = TagRankViewModel.h; sourceTree = "<group>"; };
		4B529F742C4BCF0B0044736F /* TagRankViewModel.m */ = {isa = PBXFileReference; lastKnownFileType = sourcecode.c.objc; path = TagRankViewModel.m; sourceTree = "<group>"; };
		4B7A333B2C4EC4DF00F91B34 /* TagDetailViewController.h */ = {isa = PBXFileReference; lastKnownFileType = sourcecode.c.h; path = TagDetailViewController.h; sourceTree = "<group>"; };
		4B7A333C2C4EC4DF00F91B34 /* TagDetailViewController.m */ = {isa = PBXFileReference; lastKnownFileType = sourcecode.c.objc; path = TagDetailViewController.m; sourceTree = "<group>"; };
		4B7A33412C4ECA0D00F91B34 /* TagDetailCell.h */ = {isa = PBXFileReference; lastKnownFileType = sourcecode.c.h; path = TagDetailCell.h; sourceTree = "<group>"; };
		4B7A33422C4ECA0D00F91B34 /* TagDetailCell.m */ = {isa = PBXFileReference; lastKnownFileType = sourcecode.c.objc; path = TagDetailCell.m; sourceTree = "<group>"; };
		4B7A33432C4ECA0D00F91B34 /* TagDetailCell.xib */ = {isa = PBXFileReference; lastKnownFileType = file.xib; path = TagDetailCell.xib; sourceTree = "<group>"; };
		4B7A33462C4ED7FE00F91B34 /* TagRankCell.h */ = {isa = PBXFileReference; lastKnownFileType = sourcecode.c.h; path = TagRankCell.h; sourceTree = "<group>"; };
		4B7A33472C4ED7FE00F91B34 /* TagRankCell.m */ = {isa = PBXFileReference; lastKnownFileType = sourcecode.c.objc; path = TagRankCell.m; sourceTree = "<group>"; };
		4B9370F42BEA866200DCA1DF /* NumberInputView.h */ = {isa = PBXFileReference; lastKnownFileType = sourcecode.c.h; path = NumberInputView.h; sourceTree = "<group>"; };
		4B9370F52BEA866200DCA1DF /* NumberInputView.m */ = {isa = PBXFileReference; lastKnownFileType = sourcecode.c.objc; path = NumberInputView.m; sourceTree = "<group>"; };
		4B94AAF92C62537000E33F5D /* ColumnManager.h */ = {isa = PBXFileReference; lastKnownFileType = sourcecode.c.h; path = ColumnManager.h; sourceTree = "<group>"; };
		4B94AAFA2C62537000E33F5D /* ColumnManager.m */ = {isa = PBXFileReference; lastKnownFileType = sourcecode.c.objc; path = ColumnManager.m; sourceTree = "<group>"; };
		4B94AAFC2C62620000E33F5D /* ColumnModel.h */ = {isa = PBXFileReference; lastKnownFileType = sourcecode.c.h; path = ColumnModel.h; sourceTree = "<group>"; };
		4B94AAFD2C62620000E33F5D /* ColumnModel.m */ = {isa = PBXFileReference; lastKnownFileType = sourcecode.c.objc; path = ColumnModel.m; sourceTree = "<group>"; };
		4B9C1BEF2C5F3C9200D4D77F /* LineModel.h */ = {isa = PBXFileReference; lastKnownFileType = sourcecode.c.h; path = LineModel.h; sourceTree = "<group>"; };
		4B9C1BF02C5F3C9200D4D77F /* LineModel.m */ = {isa = PBXFileReference; lastKnownFileType = sourcecode.c.objc; path = LineModel.m; sourceTree = "<group>"; };
		4B9C1BFA2C5F426200D4D77F /* CommonHeaderView.h */ = {isa = PBXFileReference; lastKnownFileType = sourcecode.c.h; path = CommonHeaderView.h; sourceTree = "<group>"; };
		4B9C1BFB2C5F426200D4D77F /* CommonHeaderView.m */ = {isa = PBXFileReference; lastKnownFileType = sourcecode.c.objc; path = CommonHeaderView.m; sourceTree = "<group>"; };
		4BAA8C7F2C5BCFE600283103 /* CareerViewController.h */ = {isa = PBXFileReference; lastKnownFileType = sourcecode.c.h; path = CareerViewController.h; sourceTree = "<group>"; };
		4BAA8C802C5BCFE600283103 /* CareerViewController.m */ = {isa = PBXFileReference; lastKnownFileType = sourcecode.c.objc; path = CareerViewController.m; sourceTree = "<group>"; };
		4BADE9832C5DDB33008D67EC /* CareerViewModel.h */ = {isa = PBXFileReference; lastKnownFileType = sourcecode.c.h; path = CareerViewModel.h; sourceTree = "<group>"; };
		4BADE9842C5DDB33008D67EC /* CareerViewModel.m */ = {isa = PBXFileReference; lastKnownFileType = sourcecode.c.objc; path = CareerViewModel.m; sourceTree = "<group>"; };
		4BADE9862C5DDC25008D67EC /* CareerModel.h */ = {isa = PBXFileReference; lastKnownFileType = sourcecode.c.h; path = CareerModel.h; sourceTree = "<group>"; };
		4BADE9872C5DDC25008D67EC /* CareerModel.m */ = {isa = PBXFileReference; lastKnownFileType = sourcecode.c.objc; path = CareerModel.m; sourceTree = "<group>"; };
		4BADE9942C5E4376008D67EC /* CareerCell.h */ = {isa = PBXFileReference; lastKnownFileType = sourcecode.c.h; path = CareerCell.h; sourceTree = "<group>"; };
		4BADE9952C5E4376008D67EC /* CareerCell.m */ = {isa = PBXFileReference; lastKnownFileType = sourcecode.c.objc; path = CareerCell.m; sourceTree = "<group>"; };
		4BADE9962C5E4376008D67EC /* CareerCell.xib */ = {isa = PBXFileReference; lastKnownFileType = file.xib; path = CareerCell.xib; sourceTree = "<group>"; };
		4BADE99D2C5E6194008D67EC /* SqlEditViewController.h */ = {isa = PBXFileReference; lastKnownFileType = sourcecode.c.h; path = SqlEditViewController.h; sourceTree = "<group>"; };
		4BADE99E2C5E6194008D67EC /* SqlEditViewController.m */ = {isa = PBXFileReference; lastKnownFileType = sourcecode.c.objc; path = SqlEditViewController.m; sourceTree = "<group>"; };
		4BADE9A62C5E7A9C008D67EC /* SqlLineViewController.h */ = {isa = PBXFileReference; lastKnownFileType = sourcecode.c.h; path = SqlLineViewController.h; sourceTree = "<group>"; };
		4BADE9A72C5E7A9C008D67EC /* SqlLineViewController.m */ = {isa = PBXFileReference; lastKnownFileType = sourcecode.c.objc; path = SqlLineViewController.m; sourceTree = "<group>"; };
		4BD3A8642C628F3600BB146C /* ColumnAddViewController.h */ = {isa = PBXFileReference; lastKnownFileType = sourcecode.c.h; path = ColumnAddViewController.h; sourceTree = "<group>"; };
		4BD3A8652C628F3600BB146C /* ColumnAddViewController.m */ = {isa = PBXFileReference; lastKnownFileType = sourcecode.c.objc; path = ColumnAddViewController.m; sourceTree = "<group>"; };
		4BD3A8662C628F3600BB146C /* ColumnAddViewController.xib */ = {isa = PBXFileReference; lastKnownFileType = file.xib; path = ColumnAddViewController.xib; sourceTree = "<group>"; };
		4D0806702AEAB6DC007BB9BF /* SCToolBar.h */ = {isa = PBXFileReference; lastKnownFileType = sourcecode.c.h; path = SCToolBar.h; sourceTree = "<group>"; };
		4D0806712AEAB6DC007BB9BF /* SCToolBar.m */ = {isa = PBXFileReference; lastKnownFileType = sourcecode.c.objc; path = SCToolBar.m; sourceTree = "<group>"; };
		4D25D7EE2902EEF900CCEC01 /* SideBar.h */ = {isa = PBXFileReference; fileEncoding = 4; lastKnownFileType = sourcecode.c.h; path = SideBar.h; sourceTree = "<group>"; };
		4D25D7EF2902EEF900CCEC01 /* SideBar.m */ = {isa = PBXFileReference; fileEncoding = 4; lastKnownFileType = sourcecode.c.objc; path = SideBar.m; sourceTree = "<group>"; };
		4D368C642AED777500700B2C /* ConfigManager.h */ = {isa = PBXFileReference; lastKnownFileType = sourcecode.c.h; path = ConfigManager.h; sourceTree = "<group>"; };
		4D368C652AED777500700B2C /* ConfigManager.m */ = {isa = PBXFileReference; lastKnownFileType = sourcecode.c.objc; path = ConfigManager.m; sourceTree = "<group>"; };
		4D4FA1462AED696800D2C2AF /* ConfigCell.h */ = {isa = PBXFileReference; lastKnownFileType = sourcecode.c.h; path = ConfigCell.h; sourceTree = "<group>"; };
		4D4FA1472AED696800D2C2AF /* ConfigCell.m */ = {isa = PBXFileReference; lastKnownFileType = sourcecode.c.objc; path = ConfigCell.m; sourceTree = "<group>"; };
		4D4FA1482AED696800D2C2AF /* ConfigCell.xib */ = {isa = PBXFileReference; lastKnownFileType = file.xib; path = ConfigCell.xib; sourceTree = "<group>"; };
		4D6EFC142AEE3F7700A446FF /* TotalViewModel.h */ = {isa = PBXFileReference; lastKnownFileType = sourcecode.c.h; path = TotalViewModel.h; sourceTree = "<group>"; };
		4D6EFC152AEE3F7700A446FF /* TotalViewModel.m */ = {isa = PBXFileReference; lastKnownFileType = sourcecode.c.objc; path = TotalViewModel.m; sourceTree = "<group>"; };
		4D77489327A6489000F505EA /* RecordView.h */ = {isa = PBXFileReference; lastKnownFileType = sourcecode.c.h; path = RecordView.h; sourceTree = "<group>"; };
		4D77489427A6489000F505EA /* RecordView.m */ = {isa = PBXFileReference; lastKnownFileType = sourcecode.c.objc; path = RecordView.m; sourceTree = "<group>"; };
		4D77489E27A656C800F505EA /* LineCell.h */ = {isa = PBXFileReference; lastKnownFileType = sourcecode.c.h; path = LineCell.h; sourceTree = "<group>"; };
		4D77489F27A656C800F505EA /* LineCell.m */ = {isa = PBXFileReference; lastKnownFileType = sourcecode.c.objc; path = LineCell.m; sourceTree = "<group>"; };
		4D7748A027A656C800F505EA /* LineCell.xib */ = {isa = PBXFileReference; lastKnownFileType = file.xib; path = LineCell.xib; sourceTree = "<group>"; };
		4D7748C027A69D3F00F505EA /* RecordView.xib */ = {isa = PBXFileReference; lastKnownFileType = file.xib; path = RecordView.xib; sourceTree = "<group>"; };
		4D7FCE4827AD89CF00BF3009 /* RecordDetailViewController.h */ = {isa = PBXFileReference; lastKnownFileType = sourcecode.c.h; path = RecordDetailViewController.h; sourceTree = "<group>"; };
		4D7FCE4927AD89CF00BF3009 /* RecordDetailViewController.m */ = {isa = PBXFileReference; lastKnownFileType = sourcecode.c.objc; path = RecordDetailViewController.m; sourceTree = "<group>"; };
		4D7FCE4B27AEA30600BF3009 /* DataManager.h */ = {isa = PBXFileReference; lastKnownFileType = sourcecode.c.h; path = DataManager.h; sourceTree = "<group>"; };
		4D7FCE4C27AEA30600BF3009 /* DataManager.m */ = {isa = PBXFileReference; lastKnownFileType = sourcecode.c.objc; path = DataManager.m; sourceTree = "<group>"; };
		4D84EFF027A38AC80094558F /* scoreNote.app */ = {isa = PBXFileReference; explicitFileType = wrapper.application; includeInIndex = 0; path = scoreNote.app; sourceTree = BUILT_PRODUCTS_DIR; };
		4D84EFF327A38AC80094558F /* AppDelegate.h */ = {isa = PBXFileReference; lastKnownFileType = sourcecode.c.h; path = AppDelegate.h; sourceTree = "<group>"; };
		4D84EFF427A38AC80094558F /* AppDelegate.m */ = {isa = PBXFileReference; lastKnownFileType = sourcecode.c.objc; path = AppDelegate.m; sourceTree = "<group>"; };
		4D84F00227A38ACC0094558F /* Assets.xcassets */ = {isa = PBXFileReference; lastKnownFileType = folder.assetcatalog; path = Assets.xcassets; sourceTree = "<group>"; };
		4D84F00727A38ACC0094558F /* Info.plist */ = {isa = PBXFileReference; lastKnownFileType = text.plist.xml; path = Info.plist; sourceTree = "<group>"; };
		4D84F00827A38ACC0094558F /* main.m */ = {isa = PBXFileReference; lastKnownFileType = sourcecode.c.objc; path = main.m; sourceTree = "<group>"; };
		4D84F00E27A38ACD0094558F /* scoreNoteTests.xctest */ = {isa = PBXFileReference; explicitFileType = wrapper.cfbundle; includeInIndex = 0; path = scoreNoteTests.xctest; sourceTree = BUILT_PRODUCTS_DIR; };
		4D84F01827A38ACD0094558F /* scoreNoteUITests.xctest */ = {isa = PBXFileReference; explicitFileType = wrapper.cfbundle; includeInIndex = 0; path = scoreNoteUITests.xctest; sourceTree = BUILT_PRODUCTS_DIR; };
		4D84F03127A38DB20094558F /* BaseViewController.h */ = {isa = PBXFileReference; lastKnownFileType = sourcecode.c.h; path = BaseViewController.h; sourceTree = "<group>"; };
		4D84F03227A38DB20094558F /* BaseViewController.m */ = {isa = PBXFileReference; lastKnownFileType = sourcecode.c.objc; path = BaseViewController.m; sourceTree = "<group>"; };
		4D84F03427A38DE20094558F /* MainTabBarController.h */ = {isa = PBXFileReference; lastKnownFileType = sourcecode.c.h; path = MainTabBarController.h; sourceTree = "<group>"; };
		4D84F03527A38DE20094558F /* MainTabBarController.m */ = {isa = PBXFileReference; lastKnownFileType = sourcecode.c.objc; path = MainTabBarController.m; sourceTree = "<group>"; };
		4D84F03B27A3965E0094558F /* SCUtilities.m */ = {isa = PBXFileReference; fileEncoding = 4; lastKnownFileType = sourcecode.c.objc; path = SCUtilities.m; sourceTree = "<group>"; };
		4D84F03C27A3965E0094558F /* CommonPrefix.pch */ = {isa = PBXFileReference; fileEncoding = 4; lastKnownFileType = sourcecode.c.h; path = CommonPrefix.pch; sourceTree = "<group>"; };
		4D84F03D27A3965E0094558F /* SCPublicDefine.h */ = {isa = PBXFileReference; fileEncoding = 4; lastKnownFileType = sourcecode.c.h; path = SCPublicDefine.h; sourceTree = "<group>"; };
		4D84F03E27A3965E0094558F /* SCUtilities.h */ = {isa = PBXFileReference; fileEncoding = 4; lastKnownFileType = sourcecode.c.h; path = SCUtilities.h; sourceTree = "<group>"; };
		4D84F04327A396AF0094558F /* NSObject+SCHUD.m */ = {isa = PBXFileReference; fileEncoding = 4; lastKnownFileType = sourcecode.c.objc; path = "NSObject+SCHUD.m"; sourceTree = "<group>"; };
		4D84F04427A396AF0094558F /* NSDate+SCExtension.m */ = {isa = PBXFileReference; fileEncoding = 4; lastKnownFileType = sourcecode.c.objc; path = "NSDate+SCExtension.m"; sourceTree = "<group>"; };
		4D84F04727A396AF0094558F /* NSString+SCExtension.h */ = {isa = PBXFileReference; fileEncoding = 4; lastKnownFileType = sourcecode.c.h; path = "NSString+SCExtension.h"; sourceTree = "<group>"; };
		4D84F04827A396AF0094558F /* UIControl+SCExtension.m */ = {isa = PBXFileReference; fileEncoding = 4; lastKnownFileType = sourcecode.c.objc; path = "UIControl+SCExtension.m"; sourceTree = "<group>"; };
		4D84F04927A396AF0094558F /* NSError+SCExtension.m */ = {isa = PBXFileReference; fileEncoding = 4; lastKnownFileType = sourcecode.c.objc; path = "NSError+SCExtension.m"; sourceTree = "<group>"; };
		4D84F04B27A396AF0094558F /* UIColor+SCHex.h */ = {isa = PBXFileReference; fileEncoding = 4; lastKnownFileType = sourcecode.c.h; path = "UIColor+SCHex.h"; sourceTree = "<group>"; };
		4D84F04D27A396AF0094558F /* UIView+SCExtension.h */ = {isa = PBXFileReference; fileEncoding = 4; lastKnownFileType = sourcecode.c.h; path = "UIView+SCExtension.h"; sourceTree = "<group>"; };
		4D84F04E27A396AF0094558F /* NSDictionary+SCExtension.h */ = {isa = PBXFileReference; fileEncoding = 4; lastKnownFileType = sourcecode.c.h; path = "NSDictionary+SCExtension.h"; sourceTree = "<group>"; };
		4D84F05127A396AF0094558F /* NSDate+SCExtension.h */ = {isa = PBXFileReference; fileEncoding = 4; lastKnownFileType = sourcecode.c.h; path = "NSDate+SCExtension.h"; sourceTree = "<group>"; };
		4D84F05227A396AF0094558F /* NSObject+SCHUD.h */ = {isa = PBXFileReference; fileEncoding = 4; lastKnownFileType = sourcecode.c.h; path = "NSObject+SCHUD.h"; sourceTree = "<group>"; };
		4D84F05327A396AF0094558F /* NSError+SCExtension.h */ = {isa = PBXFileReference; fileEncoding = 4; lastKnownFileType = sourcecode.c.h; path = "NSError+SCExtension.h"; sourceTree = "<group>"; };
		4D84F05427A396AF0094558F /* UIControl+SCExtension.h */ = {isa = PBXFileReference; fileEncoding = 4; lastKnownFileType = sourcecode.c.h; path = "UIControl+SCExtension.h"; sourceTree = "<group>"; };
		4D84F05527A396AF0094558F /* NSString+SCExtension.m */ = {isa = PBXFileReference; fileEncoding = 4; lastKnownFileType = sourcecode.c.objc; path = "NSString+SCExtension.m"; sourceTree = "<group>"; };
		4D84F05727A396AF0094558F /* UIColor+SCHex.m */ = {isa = PBXFileReference; fileEncoding = 4; lastKnownFileType = sourcecode.c.objc; path = "UIColor+SCHex.m"; sourceTree = "<group>"; };
		4D84F05927A396AF0094558F /* NSDictionary+SCExtension.m */ = {isa = PBXFileReference; fileEncoding = 4; lastKnownFileType = sourcecode.c.objc; path = "NSDictionary+SCExtension.m"; sourceTree = "<group>"; };
		4D84F05A27A396AF0094558F /* UIView+SCExtension.m */ = {isa = PBXFileReference; fileEncoding = 4; lastKnownFileType = sourcecode.c.objc; path = "UIView+SCExtension.m"; sourceTree = "<group>"; };
		4D84F07527A3BC200094558F /* LaunchScreen.storyboard */ = {isa = PBXFileReference; fileEncoding = 4; lastKnownFileType = file.storyboard; path = LaunchScreen.storyboard; sourceTree = "<group>"; };
		4D84F07827A3BD8A0094558F /* NSDictionary+log.m */ = {isa = PBXFileReference; fileEncoding = 4; lastKnownFileType = sourcecode.c.objc; path = "NSDictionary+log.m"; sourceTree = "<group>"; };
		4D84F07927A3BD8A0094558F /* NSDictionary+log.h */ = {isa = PBXFileReference; fileEncoding = 4; lastKnownFileType = sourcecode.c.h; path = "NSDictionary+log.h"; sourceTree = "<group>"; };
		4D84F07B27A3BDB00094558F /* Tab_Home@2x.png */ = {isa = PBXFileReference; lastKnownFileType = image.png; path = "Tab_Home@2x.png"; sourceTree = "<group>"; };
		4D84F07C27A3BDB00094558F /* Tab_Home_selected@2x.png */ = {isa = PBXFileReference; lastKnownFileType = image.png; path = "Tab_Home_selected@2x.png"; sourceTree = "<group>"; };
		4D84F07D27A3BDB10094558F /* Tab_Category_selected@2x.png */ = {isa = PBXFileReference; lastKnownFileType = image.png; path = "Tab_Category_selected@2x.png"; sourceTree = "<group>"; };
		4D84F07E27A3BDB10094558F /* Tab_Cart_selected@2x.png */ = {isa = PBXFileReference; lastKnownFileType = image.png; path = "Tab_Cart_selected@2x.png"; sourceTree = "<group>"; };
		4D84F07F27A3BDB10094558F /* Tab_MyOrder@2x.png */ = {isa = PBXFileReference; lastKnownFileType = image.png; path = "Tab_MyOrder@2x.png"; sourceTree = "<group>"; };
		4D84F08027A3BDB10094558F /* Tab_MyOrder_selected@2x.png */ = {isa = PBXFileReference; lastKnownFileType = image.png; path = "Tab_MyOrder_selected@2x.png"; sourceTree = "<group>"; };
		4D84F08127A3BDB10094558F /* Tab_Cart@2x.png */ = {isa = PBXFileReference; lastKnownFileType = image.png; path = "Tab_Cart@2x.png"; sourceTree = "<group>"; };
		4D84F08227A3BDB10094558F /* Tab_Category@2x.png */ = {isa = PBXFileReference; lastKnownFileType = image.png; path = "Tab_Category@2x.png"; sourceTree = "<group>"; };
		4D84F09027A3C0020094558F /* BaseNavigationController.h */ = {isa = PBXFileReference; lastKnownFileType = sourcecode.c.h; path = BaseNavigationController.h; sourceTree = "<group>"; };
		4D84F09127A3C0020094558F /* BaseNavigationController.m */ = {isa = PBXFileReference; lastKnownFileType = sourcecode.c.objc; path = BaseNavigationController.m; sourceTree = "<group>"; };
		4D84F09827A3C2790094558F /* ConfigViewController.h */ = {isa = PBXFileReference; lastKnownFileType = sourcecode.c.h; path = ConfigViewController.h; sourceTree = "<group>"; };
		4D84F09927A3C2790094558F /* ConfigViewController.m */ = {isa = PBXFileReference; lastKnownFileType = sourcecode.c.objc; path = ConfigViewController.m; sourceTree = "<group>"; };
		4D84F09A27A3C2790094558F /* ConfigViewController.xib */ = {isa = PBXFileReference; lastKnownFileType = file.xib; path = ConfigViewController.xib; sourceTree = "<group>"; };
		4D8A654C27AB75ED0082C1A3 /* HomeViewController.h */ = {isa = PBXFileReference; fileEncoding = 4; lastKnownFileType = sourcecode.c.h; path = HomeViewController.h; sourceTree = "<group>"; };
		4D8A654D27AB75ED0082C1A3 /* HomeViewController.m */ = {isa = PBXFileReference; fileEncoding = 4; lastKnownFileType = sourcecode.c.objc; path = HomeViewController.m; sourceTree = "<group>"; };
		4D8E69A02AEE894E00458818 /* RecordManager.h */ = {isa = PBXFileReference; lastKnownFileType = sourcecode.c.h; path = RecordManager.h; sourceTree = "<group>"; };
		4D8E69A12AEE894E00458818 /* RecordManager.m */ = {isa = PBXFileReference; lastKnownFileType = sourcecode.c.objc; path = RecordManager.m; sourceTree = "<group>"; };
		4D8E69A32AEE8BCA00458818 /* TagManager.h */ = {isa = PBXFileReference; lastKnownFileType = sourcecode.c.h; path = TagManager.h; sourceTree = "<group>"; };
		4D8E69A42AEE8BCA00458818 /* TagManager.m */ = {isa = PBXFileReference; lastKnownFileType = sourcecode.c.objc; path = TagManager.m; sourceTree = "<group>"; };
		4D8E69AC2AF1431700458818 /* TotalViewController.h */ = {isa = PBXFileReference; lastKnownFileType = sourcecode.c.h; path = TotalViewController.h; sourceTree = "<group>"; };
		4D8E69AD2AF1431700458818 /* TotalViewController.m */ = {isa = PBXFileReference; lastKnownFileType = sourcecode.c.objc; path = TotalViewController.m; sourceTree = "<group>"; };
		4D8E69AE2AF1431700458818 /* TotalViewController.xib */ = {isa = PBXFileReference; lastKnownFileType = file.xib; path = TotalViewController.xib; sourceTree = "<group>"; };
		4D8E69B62AF146A300458818 /* TotalSectionModel.h */ = {isa = PBXFileReference; lastKnownFileType = sourcecode.c.h; path = TotalSectionModel.h; sourceTree = "<group>"; };
		4D8E69B72AF146A300458818 /* TotalSectionModel.m */ = {isa = PBXFileReference; lastKnownFileType = sourcecode.c.objc; path = TotalSectionModel.m; sourceTree = "<group>"; };
		4D8E69BE2AF15A8500458818 /* TagViewController.h */ = {isa = PBXFileReference; lastKnownFileType = sourcecode.c.h; path = TagViewController.h; sourceTree = "<group>"; };
		4D8E69BF2AF15A8500458818 /* TagViewController.m */ = {isa = PBXFileReference; lastKnownFileType = sourcecode.c.objc; path = TagViewController.m; sourceTree = "<group>"; };
		4D8E69C02AF15A8500458818 /* TagViewController.xib */ = {isa = PBXFileReference; lastKnownFileType = file.xib; path = TagViewController.xib; sourceTree = "<group>"; };
		4DBBF52427A4F6F900EFCD8F /* RecordModel.h */ = {isa = PBXFileReference; lastKnownFileType = sourcecode.c.h; path = RecordModel.h; sourceTree = "<group>"; };
		4DBBF52527A4F6F900EFCD8F /* RecordModel.m */ = {isa = PBXFileReference; lastKnownFileType = sourcecode.c.objc; path = RecordModel.m; sourceTree = "<group>"; };
		4DC4EC1827B2462400049E8B /* score@2x.png */ = {isa = PBXFileReference; lastKnownFileType = image.png; path = "score@2x.png"; sourceTree = "<group>"; };
		4DC4EC1927B2462400049E8B /* score@3x.png */ = {isa = PBXFileReference; lastKnownFileType = image.png; path = "score@3x.png"; sourceTree = "<group>"; };
		4DC9255129FF5AF9004556ED /* TagCell.h */ = {isa = PBXFileReference; lastKnownFileType = sourcecode.c.h; path = TagCell.h; sourceTree = "<group>"; };
		4DC9255229FF5AF9004556ED /* TagCell.m */ = {isa = PBXFileReference; lastKnownFileType = sourcecode.c.objc; path = TagCell.m; sourceTree = "<group>"; };
		4DC9255329FF5AF9004556ED /* TagCell.xib */ = {isa = PBXFileReference; lastKnownFileType = file.xib; path = TagCell.xib; sourceTree = "<group>"; };
		A904947A77A6B2DC53742DFD /* Pods-scoreNote.release.xcconfig */ = {isa = PBXFileReference; includeInIndex = 1; lastKnownFileType = text.xcconfig; name = "Pods-scoreNote.release.xcconfig"; path = "Target Support Files/Pods-scoreNote/Pods-scoreNote.release.xcconfig"; sourceTree = "<group>"; };
/* End PBXFileReference section */

/* Begin PBXFrameworksBuildPhase section */
		4D84EFED27A38AC80094558F /* Frameworks */ = {
			isa = PBXFrameworksBuildPhase;
			buildActionMask = 2147483647;
			files = (
				225BA16F0BE150C667364667 /* Pods_scoreNote.framework in Frameworks */,
			);
			runOnlyForDeploymentPostprocessing = 0;
		};
		4D84F00B27A38ACD0094558F /* Frameworks */ = {
			isa = PBXFrameworksBuildPhase;
			buildActionMask = 2147483647;
			files = (
			);
			runOnlyForDeploymentPostprocessing = 0;
		};
		4D84F01527A38ACD0094558F /* Frameworks */ = {
			isa = PBXFrameworksBuildPhase;
			buildActionMask = 2147483647;
			files = (
			);
			runOnlyForDeploymentPostprocessing = 0;
		};
/* End PBXFrameworksBuildPhase section */

/* Begin PBXGroup section */
		13AD9FFFF126737920391D3C /* Frameworks */ = {
			isa = PBXGroup;
			children = (
				3BBF0FBCE82D254DECFFDB4D /* Pods_scoreNote.framework */,
			);
			name = Frameworks;
			sourceTree = "<group>";
		};
		4B03922A2BECAC3E00E6E7C4 /* NumberInputView */ = {
			isa = PBXGroup;
			children = (
				4B9370F42BEA866200DCA1DF /* NumberInputView.h */,
				4B9370F52BEA866200DCA1DF /* NumberInputView.m */,
				4B03922B2BECAC5900E6E7C4 /* InputButton.h */,
				4B03922C2BECAC5900E6E7C4 /* InputButton.m */,
			);
			path = NumberInputView;
			sourceTree = "<group>";
		};
		4B0B1F262C5FBE800008C94C /* TagManager */ = {
			isa = PBXGroup;
			children = (
				4D8E69A32AEE8BCA00458818 /* TagManager.h */,
				4D8E69A42AEE8BCA00458818 /* TagManager.m */,
				4B0B1F272C5FBE910008C94C /* TagPinyinModel.h */,
				4B0B1F282C5FBE910008C94C /* TagPinyinModel.m */,
			);
			path = TagManager;
			sourceTree = "<group>";
		};
		4B529F6C2C4BB8DB0044736F /* TagRankViewController */ = {
			isa = PBXGroup;
			children = (
				4B529F692C4B75EA0044736F /* TagRankViewController.h */,
				4B529F6A2C4B75EA0044736F /* TagRankViewController.m */,
				4B7A33462C4ED7FE00F91B34 /* TagRankCell.h */,
				4B7A33472C4ED7FE00F91B34 /* TagRankCell.m */,
				4B529F732C4BCF0B0044736F /* TagRankViewModel.h */,
				4B529F742C4BCF0B0044736F /* TagRankViewModel.m */,
				4B529F6D2C4BB8F00044736F /* TagRankModel.h */,
				4B529F6E2C4BB8F00044736F /* TagRankModel.m */,
			);
			path = TagRankViewController;
			sourceTree = "<group>";
		};
		4B7A333A2C4EC4CE00F91B34 /* TagDetailViewController */ = {
			isa = PBXGroup;
			children = (
				4B7A333B2C4EC4DF00F91B34 /* TagDetailViewController.h */,
				4B7A333C2C4EC4DF00F91B34 /* TagDetailViewController.m */,
				4B7A33412C4ECA0D00F91B34 /* TagDetailCell.h */,
				4B7A33422C4ECA0D00F91B34 /* TagDetailCell.m */,
				4B7A33432C4ECA0D00F91B34 /* TagDetailCell.xib */,
			);
			path = TagDetailViewController;
			sourceTree = "<group>";
		};
		4BAA8C7E2C5BCFB200283103 /* CareerViewController */ = {
			isa = PBXGroup;
			children = (
				4BAA8C7F2C5BCFE600283103 /* CareerViewController.h */,
				4BAA8C802C5BCFE600283103 /* CareerViewController.m */,
				4BADE9942C5E4376008D67EC /* CareerCell.h */,
				4BADE9952C5E4376008D67EC /* CareerCell.m */,
				4BADE9962C5E4376008D67EC /* CareerCell.xib */,
				4BADE9832C5DDB33008D67EC /* CareerViewModel.h */,
				4BADE9842C5DDB33008D67EC /* CareerViewModel.m */,
				4BADE9862C5DDC25008D67EC /* CareerModel.h */,
				4BADE9872C5DDC25008D67EC /* CareerModel.m */,
			);
			path = CareerViewController;
			sourceTree = "<group>";
		};
		4BAB02572C610BFF00123A52 /* DataManager */ = {
			isa = PBXGroup;
			children = (
				4D7FCE4B27AEA30600BF3009 /* DataManager.h */,
				4D7FCE4C27AEA30600BF3009 /* DataManager.m */,
				4B94AAF92C62537000E33F5D /* ColumnManager.h */,
				4B94AAFA2C62537000E33F5D /* ColumnManager.m */,
				4B94AAFC2C62620000E33F5D /* ColumnModel.h */,
				4B94AAFD2C62620000E33F5D /* ColumnModel.m */,
			);
			path = DataManager;
			sourceTree = "<group>";
		};
		4BADE9992C5E6063008D67EC /* SqlEditViewController */ = {
			isa = PBXGroup;
			children = (
				4BADE99D2C5E6194008D67EC /* SqlEditViewController.h */,
				4BADE99E2C5E6194008D67EC /* SqlEditViewController.m */,
				4BADE9A62C5E7A9C008D67EC /* SqlLineViewController.h */,
				4BADE9A72C5E7A9C008D67EC /* SqlLineViewController.m */,
				4B0B1F222C5F9A6E0008C94C /* SqlEditUtil.h */,
				4B0B1F232C5F9A6E0008C94C /* SqlEditUtil.m */,
			);
			path = SqlEditViewController;
			sourceTree = "<group>";
		};
		4D84EFE727A38AC80094558F = {
			isa = PBXGroup;
			children = (
				4D84EFF227A38AC80094558F /* scoreNote */,
				4D84EFF127A38AC80094558F /* Products */,
				9092A946D508647CAF24B362 /* Pods */,
				13AD9FFFF126737920391D3C /* Frameworks */,
			);
			sourceTree = "<group>";
		};
		4D84EFF127A38AC80094558F /* Products */ = {
			isa = PBXGroup;
			children = (
				4D84EFF027A38AC80094558F /* scoreNote.app */,
				4D84F00E27A38ACD0094558F /* scoreNoteTests.xctest */,
				4D84F01827A38ACD0094558F /* scoreNoteUITests.xctest */,
			);
			name = Products;
			sourceTree = "<group>";
		};
		4D84EFF227A38AC80094558F /* scoreNote */ = {
			isa = PBXGroup;
			children = (
				4D84F02D27A38D720094558F /* ViewControllers */,
				4D84F02F27A38D960094558F /* Views */,
				4D84F03027A38D9F0094558F /* Utils */,
				4D84F07727A3BD500094558F /* Resources */,
				4D84F02C27A38D3C0094558F /* Supporting Files */,
			);
			path = scoreNote;
			sourceTree = "<group>";
		};
		4D84F02C27A38D3C0094558F /* Supporting Files */ = {
			isa = PBXGroup;
			children = (
				4D84EFF327A38AC80094558F /* AppDelegate.h */,
				4D84EFF427A38AC80094558F /* AppDelegate.m */,
				4D84F07527A3BC200094558F /* LaunchScreen.storyboard */,
				4D84F00227A38ACC0094558F /* Assets.xcassets */,
				4D84F00727A38ACC0094558F /* Info.plist */,
				4D84F00827A38ACC0094558F /* main.m */,
			);
			path = "Supporting Files";
			sourceTree = "<group>";
		};
		4D84F02D27A38D720094558F /* ViewControllers */ = {
			isa = PBXGroup;
			children = (
				4D84F03427A38DE20094558F /* MainTabBarController.h */,
				4D84F03527A38DE20094558F /* MainTabBarController.m */,
				4D8A654927AB75A20082C1A3 /* HomeViewController */,
				4D8A655327AB77890082C1A3 /* TotalViewController */,
				4D8E69BD2AF15A1600458818 /* TagViewController */,
				4DD39AE627AC03B100E529C4 /* ConfigViewController */,
			);
			path = ViewControllers;
			sourceTree = "<group>";
		};
		4D84F02F27A38D960094558F /* Views */ = {
			isa = PBXGroup;
			children = (
				4D0806702AEAB6DC007BB9BF /* SCToolBar.h */,
				4D0806712AEAB6DC007BB9BF /* SCToolBar.m */,
				4B9C1BFA2C5F426200D4D77F /* CommonHeaderView.h */,
				4B9C1BFB2C5F426200D4D77F /* CommonHeaderView.m */,
				4B0B1F1F2C5F86330008C94C /* TagSelectView.h */,
				4B0B1F202C5F86330008C94C /* TagSelectView.m */,
				4B03922A2BECAC3E00E6E7C4 /* NumberInputView */,
			);
			path = Views;
			sourceTree = "<group>";
		};
		4D84F03027A38D9F0094558F /* Utils */ = {
			isa = PBXGroup;
			children = (
				4D84F03C27A3965E0094558F /* CommonPrefix.pch */,
				4D84F03D27A3965E0094558F /* SCPublicDefine.h */,
				4D84F03E27A3965E0094558F /* SCUtilities.h */,
				4D84F03B27A3965E0094558F /* SCUtilities.m */,
				4BAB02572C610BFF00123A52 /* DataManager */,
				4DC4EC2B27B2657F00049E8B /* Base */,
				4D84F04227A396AF0094558F /* Category */,
			);
			path = Utils;
			sourceTree = "<group>";
		};
		4D84F04227A396AF0094558F /* Category */ = {
			isa = PBXGroup;
			children = (
				4D84F07927A3BD8A0094558F /* NSDictionary+log.h */,
				4D84F07827A3BD8A0094558F /* NSDictionary+log.m */,
				4D84F05127A396AF0094558F /* NSDate+SCExtension.h */,
				4D84F04427A396AF0094558F /* NSDate+SCExtension.m */,
				4D84F04E27A396AF0094558F /* NSDictionary+SCExtension.h */,
				4D84F05927A396AF0094558F /* NSDictionary+SCExtension.m */,
				4D84F05327A396AF0094558F /* NSError+SCExtension.h */,
				4D84F04927A396AF0094558F /* NSError+SCExtension.m */,
				4D84F05227A396AF0094558F /* NSObject+SCHUD.h */,
				4D84F04327A396AF0094558F /* NSObject+SCHUD.m */,
				4D84F04727A396AF0094558F /* NSString+SCExtension.h */,
				4D84F05527A396AF0094558F /* NSString+SCExtension.m */,
				4D84F04B27A396AF0094558F /* UIColor+SCHex.h */,
				4D84F05727A396AF0094558F /* UIColor+SCHex.m */,
				4D84F05427A396AF0094558F /* UIControl+SCExtension.h */,
				4D84F04827A396AF0094558F /* UIControl+SCExtension.m */,
				4D84F04D27A396AF0094558F /* UIView+SCExtension.h */,
				4D84F05A27A396AF0094558F /* UIView+SCExtension.m */,
			);
			path = Category;
			sourceTree = "<group>";
		};
		4D84F07727A3BD500094558F /* Resources */ = {
			isa = PBXGroup;
			children = (
				4D84F07E27A3BDB10094558F /* Tab_Cart_selected@2x.png */,
				4D84F08127A3BDB10094558F /* Tab_Cart@2x.png */,
				4D84F07D27A3BDB10094558F /* Tab_Category_selected@2x.png */,
				4D84F08227A3BDB10094558F /* Tab_Category@2x.png */,
				4D84F07C27A3BDB00094558F /* Tab_Home_selected@2x.png */,
				4D84F07B27A3BDB00094558F /* Tab_Home@2x.png */,
				4D84F08027A3BDB10094558F /* Tab_MyOrder_selected@2x.png */,
				4D84F07F27A3BDB10094558F /* Tab_MyOrder@2x.png */,
				4DC4EC1827B2462400049E8B /* score@2x.png */,
				4DC4EC1927B2462400049E8B /* score@3x.png */,
			);
			path = Resources;
			sourceTree = "<group>";
		};
		4D84F0A027A3C32D0094558F /* RecordView */ = {
			isa = PBXGroup;
			children = (
				4D77489327A6489000F505EA /* RecordView.h */,
				4D77489427A6489000F505EA /* RecordView.m */,
				4D7748C027A69D3F00F505EA /* RecordView.xib */,
				4D77489E27A656C800F505EA /* LineCell.h */,
				4D77489F27A656C800F505EA /* LineCell.m */,
				4D7748A027A656C800F505EA /* LineCell.xib */,
				4D25D7EE2902EEF900CCEC01 /* SideBar.h */,
				4D25D7EF2902EEF900CCEC01 /* SideBar.m */,
			);
			path = RecordView;
			sourceTree = "<group>";
		};
		4D8A654927AB75A20082C1A3 /* HomeViewController */ = {
			isa = PBXGroup;
			children = (
				4D8A654C27AB75ED0082C1A3 /* HomeViewController.h */,
				4D8A654D27AB75ED0082C1A3 /* HomeViewController.m */,
				4D8E69A02AEE894E00458818 /* RecordManager.h */,
				4D8E69A12AEE894E00458818 /* RecordManager.m */,
				4DBBF52427A4F6F900EFCD8F /* RecordModel.h */,
				4DBBF52527A4F6F900EFCD8F /* RecordModel.m */,
				4B9C1BEF2C5F3C9200D4D77F /* LineModel.h */,
				4B9C1BF02C5F3C9200D4D77F /* LineModel.m */,
				4D84F0A027A3C32D0094558F /* RecordView */,
			);
			path = HomeViewController;
			sourceTree = "<group>";
		};
		4D8A655327AB77890082C1A3 /* TotalViewController */ = {
			isa = PBXGroup;
			children = (
				4D8E69AC2AF1431700458818 /* TotalViewController.h */,
				4D8E69AD2AF1431700458818 /* TotalViewController.m */,
				4D8E69AE2AF1431700458818 /* TotalViewController.xib */,
				4D6EFC142AEE3F7700A446FF /* TotalViewModel.h */,
				4D6EFC152AEE3F7700A446FF /* TotalViewModel.m */,
				4D8E69B62AF146A300458818 /* TotalSectionModel.h */,
				4D8E69B72AF146A300458818 /* TotalSectionModel.m */,
				4B2DC7D32C14845300D23CE8 /* BitCoinViewController.h */,
				4B2DC7D42C14845300D23CE8 /* BitCoinViewController.m */,
				4D7FCE4827AD89CF00BF3009 /* RecordDetailViewController.h */,
				4D7FCE4927AD89CF00BF3009 /* RecordDetailViewController.m */,
				4B529F6C2C4BB8DB0044736F /* TagRankViewController */,
				4BAA8C7E2C5BCFB200283103 /* CareerViewController */,
			);
			path = TotalViewController;
			sourceTree = "<group>";
		};
		4D8E69BD2AF15A1600458818 /* TagViewController */ = {
			isa = PBXGroup;
			children = (
				4D8E69BE2AF15A8500458818 /* TagViewController.h */,
				4D8E69BF2AF15A8500458818 /* TagViewController.m */,
				4D8E69C02AF15A8500458818 /* TagViewController.xib */,
				4DC9255129FF5AF9004556ED /* TagCell.h */,
				4DC9255229FF5AF9004556ED /* TagCell.m */,
				4DC9255329FF5AF9004556ED /* TagCell.xib */,
				4B0B1F1C2C5F819D0008C94C /* TagModel.h */,
				4B0B1F1D2C5F819D0008C94C /* TagModel.m */,
				4B0B1F262C5FBE800008C94C /* TagManager */,
				4B7A333A2C4EC4CE00F91B34 /* TagDetailViewController */,
			);
			path = TagViewController;
			sourceTree = "<group>";
		};
		4DC4EC2B27B2657F00049E8B /* Base */ = {
			isa = PBXGroup;
			children = (
				4D84F03127A38DB20094558F /* BaseViewController.h */,
				4D84F03227A38DB20094558F /* BaseViewController.m */,
				4D84F09027A3C0020094558F /* BaseNavigationController.h */,
				4D84F09127A3C0020094558F /* BaseNavigationController.m */,
			);
			path = Base;
			sourceTree = "<group>";
		};
		4DD39AE627AC03B100E529C4 /* ConfigViewController */ = {
			isa = PBXGroup;
			children = (
				4D84F09827A3C2790094558F /* ConfigViewController.h */,
				4D84F09927A3C2790094558F /* ConfigViewController.m */,
				4D84F09A27A3C2790094558F /* ConfigViewController.xib */,
				4D4FA1462AED696800D2C2AF /* ConfigCell.h */,
				4D4FA1472AED696800D2C2AF /* ConfigCell.m */,
				4D4FA1482AED696800D2C2AF /* ConfigCell.xib */,
				4D368C642AED777500700B2C /* ConfigManager.h */,
				4D368C652AED777500700B2C /* ConfigManager.m */,
				4BD3A8642C628F3600BB146C /* ColumnAddViewController.h */,
				4BD3A8652C628F3600BB146C /* ColumnAddViewController.m */,
				4BD3A8662C628F3600BB146C /* ColumnAddViewController.xib */,
				4BADE9992C5E6063008D67EC /* SqlEditViewController */,
			);
			path = ConfigViewController;
			sourceTree = "<group>";
		};
		9092A946D508647CAF24B362 /* Pods */ = {
			isa = PBXGroup;
			children = (
				1AF4A3D1689A62C107F97943 /* Pods-scoreNote.debug.xcconfig */,
				A904947A77A6B2DC53742DFD /* Pods-scoreNote.release.xcconfig */,
			);
			path = Pods;
			sourceTree = "<group>";
		};
/* End PBXGroup section */

/* Begin PBXNativeTarget section */
		4D84EFEF27A38AC80094558F /* scoreNote */ = {
			isa = PBXNativeTarget;
			buildConfigurationList = 4D84F02227A38ACD0094558F /* Build configuration list for PBXNativeTarget "scoreNote" */;
			buildPhases = (
				65026CA5BB61F2A31C20383E /* [CP] Check Pods Manifest.lock */,
				4D84EFEC27A38AC80094558F /* Sources */,
				4D84EFED27A38AC80094558F /* Frameworks */,
				4D84EFEE27A38AC80094558F /* Resources */,
				02995DF8CFFC32866305C243 /* [CP] Embed Pods Frameworks */,
			);
			buildRules = (
			);
			dependencies = (
			);
			name = scoreNote;
			productName = scoreNote;
			productReference = 4D84EFF027A38AC80094558F /* scoreNote.app */;
			productType = "com.apple.product-type.application";
		};
		4D84F00D27A38ACD0094558F /* scoreNoteTests */ = {
			isa = PBXNativeTarget;
			buildConfigurationList = 4D84F02527A38ACD0094558F /* Build configuration list for PBXNativeTarget "scoreNoteTests" */;
			buildPhases = (
				4D84F00A27A38ACD0094558F /* Sources */,
				4D84F00B27A38ACD0094558F /* Frameworks */,
				4D84F00C27A38ACD0094558F /* Resources */,
			);
			buildRules = (
			);
			dependencies = (
				4D84F01027A38ACD0094558F /* PBXTargetDependency */,
			);
			name = scoreNoteTests;
			productName = scoreNoteTests;
			productReference = 4D84F00E27A38ACD0094558F /* scoreNoteTests.xctest */;
			productType = "com.apple.product-type.bundle.unit-test";
		};
		4D84F01727A38ACD0094558F /* scoreNoteUITests */ = {
			isa = PBXNativeTarget;
			buildConfigurationList = 4D84F02827A38ACD0094558F /* Build configuration list for PBXNativeTarget "scoreNoteUITests" */;
			buildPhases = (
				4D84F01427A38ACD0094558F /* Sources */,
				4D84F01527A38ACD0094558F /* Frameworks */,
				4D84F01627A38ACD0094558F /* Resources */,
			);
			buildRules = (
			);
			dependencies = (
				4D84F01A27A38ACD0094558F /* PBXTargetDependency */,
			);
			name = scoreNoteUITests;
			productName = scoreNoteUITests;
			productReference = 4D84F01827A38ACD0094558F /* scoreNoteUITests.xctest */;
			productType = "com.apple.product-type.bundle.ui-testing";
		};
/* End PBXNativeTarget section */

/* Begin PBXProject section */
		4D84EFE827A38AC80094558F /* Project object */ = {
			isa = PBXProject;
			attributes = {
				BuildIndependentTargetsInParallel = 1;
				LastUpgradeCheck = 1530;
				TargetAttributes = {
					4D84EFEF27A38AC80094558F = {
						CreatedOnToolsVersion = 13.2.1;
					};
					4D84F00D27A38ACD0094558F = {
						CreatedOnToolsVersion = 13.2.1;
						TestTargetID = 4D84EFEF27A38AC80094558F;
					};
					4D84F01727A38ACD0094558F = {
						CreatedOnToolsVersion = 13.2.1;
						TestTargetID = 4D84EFEF27A38AC80094558F;
					};
				};
			};
			buildConfigurationList = 4D84EFEB27A38AC80094558F /* Build configuration list for PBXProject "scoreNote" */;
			compatibilityVersion = "Xcode 13.0";
			developmentRegion = en;
			hasScannedForEncodings = 0;
			knownRegions = (
				en,
				Base,
			);
			mainGroup = 4D84EFE727A38AC80094558F;
			productRefGroup = 4D84EFF127A38AC80094558F /* Products */;
			projectDirPath = "";
			projectRoot = "";
			targets = (
				4D84EFEF27A38AC80094558F /* scoreNote */,
				4D84F00D27A38ACD0094558F /* scoreNoteTests */,
				4D84F01727A38ACD0094558F /* scoreNoteUITests */,
			);
		};
/* End PBXProject section */

/* Begin PBXResourcesBuildPhase section */
		4D84EFEE27A38AC80094558F /* Resources */ = {
			isa = PBXResourcesBuildPhase;
			buildActionMask = 2147483647;
			files = (
				4D84F08827A3BDB10094558F /* Tab_MyOrder_selected@2x.png in Resources */,
				4B7A33442C4ECA0D00F91B34 /* TagDetailCell.xib in Resources */,
				4D8E69C22AF15A8500458818 /* TagViewController.xib in Resources */,
				4DC4EC1A27B2462400049E8B /* score@2x.png in Resources */,
				4DC4EC1B27B2462400049E8B /* score@3x.png in Resources */,
				4D7748A227A656C800F505EA /* LineCell.xib in Resources */,
				4D84F08427A3BDB10094558F /* Tab_Home_selected@2x.png in Resources */,
				4D8E69B02AF1431700458818 /* TotalViewController.xib in Resources */,
				4D84F00327A38ACC0094558F /* Assets.xcassets in Resources */,
				4DC9255529FF5AF9004556ED /* TagCell.xib in Resources */,
				4D84F09C27A3C2790094558F /* ConfigViewController.xib in Resources */,
				4BADE9982C5E4376008D67EC /* CareerCell.xib in Resources */,
				4D7748C127A69D3F00F505EA /* RecordView.xib in Resources */,
				4D84F08527A3BDB10094558F /* Tab_Category_selected@2x.png in Resources */,
				4D4FA14A2AED696800D2C2AF /* ConfigCell.xib in Resources */,
				4D84F08A27A3BDB10094558F /* Tab_Category@2x.png in Resources */,
				4D84F08627A3BDB10094558F /* Tab_Cart_selected@2x.png in Resources */,
				4D84F07627A3BC200094558F /* LaunchScreen.storyboard in Resources */,
				4BD3A8672C628F3600BB146C /* ColumnAddViewController.xib in Resources */,
				4D84F08927A3BDB10094558F /* Tab_Cart@2x.png in Resources */,
				4D84F08327A3BDB10094558F /* Tab_Home@2x.png in Resources */,
				4D84F08727A3BDB10094558F /* Tab_MyOrder@2x.png in Resources */,
			);
			runOnlyForDeploymentPostprocessing = 0;
		};
		4D84F00C27A38ACD0094558F /* Resources */ = {
			isa = PBXResourcesBuildPhase;
			buildActionMask = 2147483647;
			files = (
			);
			runOnlyForDeploymentPostprocessing = 0;
		};
		4D84F01627A38ACD0094558F /* Resources */ = {
			isa = PBXResourcesBuildPhase;
			buildActionMask = 2147483647;
			files = (
			);
			runOnlyForDeploymentPostprocessing = 0;
		};
/* End PBXResourcesBuildPhase section */

/* Begin PBXShellScriptBuildPhase section */
		02995DF8CFFC32866305C243 /* [CP] Embed Pods Frameworks */ = {
			isa = PBXShellScriptBuildPhase;
			buildActionMask = 2147483647;
			files = (
			);
			inputFileListPaths = (
				"${PODS_ROOT}/Target Support Files/Pods-scoreNote/Pods-scoreNote-frameworks-${CONFIGURATION}-input-files.xcfilelist",
			);
			inputPaths = (
			);
			name = "[CP] Embed Pods Frameworks";
			outputFileListPaths = (
				"${PODS_ROOT}/Target Support Files/Pods-scoreNote/Pods-scoreNote-frameworks-${CONFIGURATION}-output-files.xcfilelist",
			);
			outputPaths = (
			);
			runOnlyForDeploymentPostprocessing = 0;
			shellPath = /bin/sh;
			shellScript = "\"${PODS_ROOT}/Target Support Files/Pods-scoreNote/Pods-scoreNote-frameworks.sh\"\n";
			showEnvVarsInLog = 0;
		};
		65026CA5BB61F2A31C20383E /* [CP] Check Pods Manifest.lock */ = {
			isa = PBXShellScriptBuildPhase;
			buildActionMask = 2147483647;
			files = (
			);
			inputFileListPaths = (
			);
			inputPaths = (
				"${PODS_PODFILE_DIR_PATH}/Podfile.lock",
				"${PODS_ROOT}/Manifest.lock",
			);
			name = "[CP] Check Pods Manifest.lock";
			outputFileListPaths = (
			);
			outputPaths = (
				"$(DERIVED_FILE_DIR)/Pods-scoreNote-checkManifestLockResult.txt",
			);
			runOnlyForDeploymentPostprocessing = 0;
			shellPath = /bin/sh;
			shellScript = "diff \"${PODS_PODFILE_DIR_PATH}/Podfile.lock\" \"${PODS_ROOT}/Manifest.lock\" > /dev/null\nif [ $? != 0 ] ; then\n    # print error to STDERR\n    echo \"error: The sandbox is not in sync with the Podfile.lock. Run 'pod install' or update your CocoaPods installation.\" >&2\n    exit 1\nfi\n# This output is used by Xcode 'outputs' to avoid re-running this script phase.\necho \"SUCCESS\" > \"${SCRIPT_OUTPUT_FILE_0}\"\n";
			showEnvVarsInLog = 0;
		};
/* End PBXShellScriptBuildPhase section */

/* Begin PBXSourcesBuildPhase section */
		4D84EFEC27A38AC80094558F /* Sources */ = {
			isa = PBXSourcesBuildPhase;
			buildActionMask = 2147483647;
			files = (
				4D84F00927A38ACC0094558F /* main.m in Sources */,
				4B2DC7D52C14845300D23CE8 /* BitCoinViewController.m in Sources */,
				4D84F03327A38DB20094558F /* BaseViewController.m in Sources */,
				4D84F06527A396AF0094558F /* NSDictionary+SCExtension.m in Sources */,
				4B0B1F292C5FBE910008C94C /* TagPinyinModel.m in Sources */,
				4D8E69A52AEE8BCA00458818 /* TagManager.m in Sources */,
				4D7748A127A656C800F505EA /* LineCell.m in Sources */,
				4B9C1BFC2C5F426200D4D77F /* CommonHeaderView.m in Sources */,
				4D84F04027A3965E0094558F /* SCUtilities.m in Sources */,
				4D84F05F27A396AF0094558F /* UIControl+SCExtension.m in Sources */,
				4D77489527A6489000F505EA /* RecordView.m in Sources */,
				4DBBF52627A4F6F900EFCD8F /* RecordModel.m in Sources */,
				4B7A333D2C4EC4DF00F91B34 /* TagDetailViewController.m in Sources */,
				4B529F6B2C4B75EA0044736F /* TagRankViewController.m in Sources */,
				4D84F03627A38DE20094558F /* MainTabBarController.m in Sources */,
				4D84F05C27A396AF0094558F /* NSDate+SCExtension.m in Sources */,
				4B7A33452C4ECA0D00F91B34 /* TagDetailCell.m in Sources */,
				4B03922D2BECAC5900E6E7C4 /* InputButton.m in Sources */,
				4B0B1F1E2C5F819D0008C94C /* TagModel.m in Sources */,
				4BD3A8682C628F3600BB146C /* ColumnAddViewController.m in Sources */,
				4D84F05B27A396AF0094558F /* NSObject+SCHUD.m in Sources */,
				4B0B1F242C5F9A6E0008C94C /* SqlEditUtil.m in Sources */,
				4D84F06627A396AF0094558F /* UIView+SCExtension.m in Sources */,
				4D84F06227A396AF0094558F /* NSString+SCExtension.m in Sources */,
				4D8E69B82AF146A300458818 /* TotalSectionModel.m in Sources */,
				4D7FCE4D27AEA30600BF3009 /* DataManager.m in Sources */,
				4D7FCE4A27AD89CF00BF3009 /* RecordDetailViewController.m in Sources */,
				4BADE9852C5DDB33008D67EC /* CareerViewModel.m in Sources */,
				4BAA8C812C5BCFE600283103 /* CareerViewController.m in Sources */,
				4BADE99F2C5E6194008D67EC /* SqlEditViewController.m in Sources */,
				4D84F06027A396AF0094558F /* NSError+SCExtension.m in Sources */,
				4BADE9A82C5E7A9C008D67EC /* SqlLineViewController.m in Sources */,
				4BADE9882C5DDC25008D67EC /* CareerModel.m in Sources */,
				4D25D7F02902EEF900CCEC01 /* SideBar.m in Sources */,
				4B94AAFE2C62620000E33F5D /* ColumnModel.m in Sources */,
				4D8E69AF2AF1431700458818 /* TotalViewController.m in Sources */,
				4D84F07A27A3BD8A0094558F /* NSDictionary+log.m in Sources */,
				4B529F6F2C4BB8F00044736F /* TagRankModel.m in Sources */,
				4D84F09227A3C0020094558F /* BaseNavigationController.m in Sources */,
				4D84F06427A396AF0094558F /* UIColor+SCHex.m in Sources */,
				4B7A33482C4ED7FE00F91B34 /* TagRankCell.m in Sources */,
				4D6EFC162AEE3F7700A446FF /* TotalViewModel.m in Sources */,
				4D84F09B27A3C2790094558F /* ConfigViewController.m in Sources */,
				4D84EFF527A38AC80094558F /* AppDelegate.m in Sources */,
				4BADE9972C5E4376008D67EC /* CareerCell.m in Sources */,
				4B9C1BF12C5F3C9200D4D77F /* LineModel.m in Sources */,
				4D8E69C12AF15A8500458818 /* TagViewController.m in Sources */,
				4B0B1F212C5F86330008C94C /* TagSelectView.m in Sources */,
				4B529F752C4BCF0B0044736F /* TagRankViewModel.m in Sources */,
				4D8E69A22AEE894E00458818 /* RecordManager.m in Sources */,
				4B9370F62BEA866200DCA1DF /* NumberInputView.m in Sources */,
				4D0806722AEAB6DC007BB9BF /* SCToolBar.m in Sources */,
				4D368C662AED777500700B2C /* ConfigManager.m in Sources */,
				4B94AAFB2C62537000E33F5D /* ColumnManager.m in Sources */,
				4D8A654E27AB75EE0082C1A3 /* HomeViewController.m in Sources */,
				4D4FA1492AED696800D2C2AF /* ConfigCell.m in Sources */,
				4DC9255429FF5AF9004556ED /* TagCell.m in Sources */,
			);
			runOnlyForDeploymentPostprocessing = 0;
		};
		4D84F00A27A38ACD0094558F /* Sources */ = {
			isa = PBXSourcesBuildPhase;
			buildActionMask = 2147483647;
			files = (
			);
			runOnlyForDeploymentPostprocessing = 0;
		};
		4D84F01427A38ACD0094558F /* Sources */ = {
			isa = PBXSourcesBuildPhase;
			buildActionMask = 2147483647;
			files = (
			);
			runOnlyForDeploymentPostprocessing = 0;
		};
/* End PBXSourcesBuildPhase section */

/* Begin PBXTargetDependency section */
		4D84F01027A38ACD0094558F /* PBXTargetDependency */ = {
			isa = PBXTargetDependency;
			target = 4D84EFEF27A38AC80094558F /* scoreNote */;
			targetProxy = 4D84F00F27A38ACD0094558F /* PBXContainerItemProxy */;
		};
		4D84F01A27A38ACD0094558F /* PBXTargetDependency */ = {
			isa = PBXTargetDependency;
			target = 4D84EFEF27A38AC80094558F /* scoreNote */;
			targetProxy = 4D84F01927A38ACD0094558F /* PBXContainerItemProxy */;
		};
/* End PBXTargetDependency section */

/* Begin XCBuildConfiguration section */
		4D84F02027A38ACD0094558F /* Debug */ = {
			isa = XCBuildConfiguration;
			buildSettings = {
				ALWAYS_SEARCH_USER_PATHS = NO;
				CLANG_ANALYZER_NONNULL = YES;
				CLANG_ANALYZER_NUMBER_OBJECT_CONVERSION = YES_AGGRESSIVE;
				CLANG_CXX_LANGUAGE_STANDARD = "gnu++17";
				CLANG_CXX_LIBRARY = "libc++";
				CLANG_ENABLE_MODULES = YES;
				CLANG_ENABLE_OBJC_ARC = YES;
				CLANG_ENABLE_OBJC_WEAK = YES;
				CLANG_WARN_BLOCK_CAPTURE_AUTORELEASING = YES;
				CLANG_WARN_BOOL_CONVERSION = YES;
				CLANG_WARN_COMMA = YES;
				CLANG_WARN_CONSTANT_CONVERSION = YES;
				CLANG_WARN_DEPRECATED_OBJC_IMPLEMENTATIONS = YES;
				CLANG_WARN_DIRECT_OBJC_ISA_USAGE = YES_ERROR;
				CLANG_WARN_DOCUMENTATION_COMMENTS = YES;
				CLANG_WARN_EMPTY_BODY = YES;
				CLANG_WARN_ENUM_CONVERSION = YES;
				CLANG_WARN_INFINITE_RECURSION = YES;
				CLANG_WARN_INT_CONVERSION = YES;
				CLANG_WARN_NON_LITERAL_NULL_CONVERSION = YES;
				CLANG_WARN_OBJC_IMPLICIT_RETAIN_SELF = YES;
				CLANG_WARN_OBJC_LITERAL_CONVERSION = YES;
				CLANG_WARN_OBJC_ROOT_CLASS = YES_ERROR;
				CLANG_WARN_QUOTED_INCLUDE_IN_FRAMEWORK_HEADER = YES;
				CLANG_WARN_RANGE_LOOP_ANALYSIS = YES;
				CLANG_WARN_STRICT_PROTOTYPES = YES;
				CLANG_WARN_SUSPICIOUS_MOVE = YES;
				CLANG_WARN_UNGUARDED_AVAILABILITY = YES_AGGRESSIVE;
				CLANG_WARN_UNREACHABLE_CODE = YES;
				CLANG_WARN__DUPLICATE_METHOD_MATCH = YES;
				COPY_PHASE_STRIP = NO;
				DEBUG_INFORMATION_FORMAT = dwarf;
				ENABLE_STRICT_OBJC_MSGSEND = YES;
				ENABLE_TESTABILITY = YES;
				GCC_C_LANGUAGE_STANDARD = gnu11;
				GCC_DYNAMIC_NO_PIC = NO;
				GCC_NO_COMMON_BLOCKS = YES;
				GCC_OPTIMIZATION_LEVEL = 0;
				GCC_PREPROCESSOR_DEFINITIONS = (
					"DEBUG=1",
					"$(inherited)",
				);
				GCC_WARN_64_TO_32_BIT_CONVERSION = YES;
				GCC_WARN_ABOUT_RETURN_TYPE = YES_ERROR;
				GCC_WARN_UNDECLARED_SELECTOR = YES;
				GCC_WARN_UNINITIALIZED_AUTOS = YES_AGGRESSIVE;
				GCC_WARN_UNUSED_FUNCTION = YES;
				GCC_WARN_UNUSED_VARIABLE = YES;
				IPHONEOS_DEPLOYMENT_TARGET = 14.0;
				MTL_ENABLE_DEBUG_INFO = INCLUDE_SOURCE;
				MTL_FAST_MATH = YES;
				ONLY_ACTIVE_ARCH = YES;
				SDKROOT = iphoneos;
			};
			name = Debug;
		};
		4D84F02127A38ACD0094558F /* Release */ = {
			isa = XCBuildConfiguration;
			buildSettings = {
				ALWAYS_SEARCH_USER_PATHS = NO;
				CLANG_ANALYZER_NONNULL = YES;
				CLANG_ANALYZER_NUMBER_OBJECT_CONVERSION = YES_AGGRESSIVE;
				CLANG_CXX_LANGUAGE_STANDARD = "gnu++17";
				CLANG_CXX_LIBRARY = "libc++";
				CLANG_ENABLE_MODULES = YES;
				CLANG_ENABLE_OBJC_ARC = YES;
				CLANG_ENABLE_OBJC_WEAK = YES;
				CLANG_WARN_BLOCK_CAPTURE_AUTORELEASING = YES;
				CLANG_WARN_BOOL_CONVERSION = YES;
				CLANG_WARN_COMMA = YES;
				CLANG_WARN_CONSTANT_CONVERSION = YES;
				CLANG_WARN_DEPRECATED_OBJC_IMPLEMENTATIONS = YES;
				CLANG_WARN_DIRECT_OBJC_ISA_USAGE = YES_ERROR;
				CLANG_WARN_DOCUMENTATION_COMMENTS = YES;
				CLANG_WARN_EMPTY_BODY = YES;
				CLANG_WARN_ENUM_CONVERSION = YES;
				CLANG_WARN_INFINITE_RECURSION = YES;
				CLANG_WARN_INT_CONVERSION = YES;
				CLANG_WARN_NON_LITERAL_NULL_CONVERSION = YES;
				CLANG_WARN_OBJC_IMPLICIT_RETAIN_SELF = YES;
				CLANG_WARN_OBJC_LITERAL_CONVERSION = YES;
				CLANG_WARN_OBJC_ROOT_CLASS = YES_ERROR;
				CLANG_WARN_QUOTED_INCLUDE_IN_FRAMEWORK_HEADER = YES;
				CLANG_WARN_RANGE_LOOP_ANALYSIS = YES;
				CLANG_WARN_STRICT_PROTOTYPES = YES;
				CLANG_WARN_SUSPICIOUS_MOVE = YES;
				CLANG_WARN_UNGUARDED_AVAILABILITY = YES_AGGRESSIVE;
				CLANG_WARN_UNREACHABLE_CODE = YES;
				CLANG_WARN__DUPLICATE_METHOD_MATCH = YES;
				COPY_PHASE_STRIP = NO;
				DEBUG_INFORMATION_FORMAT = "dwarf-with-dsym";
				ENABLE_NS_ASSERTIONS = NO;
				ENABLE_STRICT_OBJC_MSGSEND = YES;
				GCC_C_LANGUAGE_STANDARD = gnu11;
				GCC_NO_COMMON_BLOCKS = YES;
				GCC_WARN_64_TO_32_BIT_CONVERSION = YES;
				GCC_WARN_ABOUT_RETURN_TYPE = YES_ERROR;
				GCC_WARN_UNDECLARED_SELECTOR = YES;
				GCC_WARN_UNINITIALIZED_AUTOS = YES_AGGRESSIVE;
				GCC_WARN_UNUSED_FUNCTION = YES;
				GCC_WARN_UNUSED_VARIABLE = YES;
				IPHONEOS_DEPLOYMENT_TARGET = 14.0;
				MTL_ENABLE_DEBUG_INFO = NO;
				MTL_FAST_MATH = YES;
				SDKROOT = iphoneos;
				VALIDATE_PRODUCT = YES;
			};
			name = Release;
		};
		4D84F02327A38ACD0094558F /* Debug */ = {
			isa = XCBuildConfiguration;
			baseConfigurationReference = 1AF4A3D1689A62C107F97943 /* Pods-scoreNote.debug.xcconfig */;
			buildSettings = {
				ASSETCATALOG_COMPILER_APPICON_NAME = AppIcon;
				ASSETCATALOG_COMPILER_GLOBAL_ACCENT_COLOR_NAME = "";
				CODE_SIGN_IDENTITY = "Apple Development";
				CODE_SIGN_STYLE = Automatic;
				CURRENT_PROJECT_VERSION = 1;
				DEVELOPMENT_TEAM = LUKSH2E75G;
				EXCLUDED_ARCHS = "";
				GCC_PREFIX_HEADER = "$(SRCROOT)/scoreNote/Utils/CommonPrefix.pch";
				GENERATE_INFOPLIST_FILE = YES;
				INFOPLIST_FILE = scoreNote/Info.plist;
				INFOPLIST_KEY_CFBundleDisplayName = "进球笔记";
				INFOPLIST_KEY_UIApplicationSupportsIndirectInputEvents = YES;
				INFOPLIST_KEY_UILaunchStoryboardName = LaunchScreen;
				INFOPLIST_KEY_UISupportedInterfaceOrientations = UIInterfaceOrientationPortrait;
				INFOPLIST_KEY_UISupportedInterfaceOrientations_iPad = "UIInterfaceOrientationPortrait UIInterfaceOrientationPortraitUpsideDown UIInterfaceOrientationLandscapeLeft UIInterfaceOrientationLandscapeRight";
				INFOPLIST_KEY_UISupportedInterfaceOrientations_iPhone = "UIInterfaceOrientationPortrait UIInterfaceOrientationLandscapeLeft UIInterfaceOrientationLandscapeRight";
				INFOPLIST_KEY_UISupportsDocumentBrowser = YES;
				INFOPLIST_KEY_UIUserInterfaceStyle = Light;
				LD_RUNPATH_SEARCH_PATHS = (
					"$(inherited)",
					"@executable_path/Frameworks",
				);
				MARKETING_VERSION = 0.4.6;
				PRODUCT_BUNDLE_IDENTIFIER = com.junyu.scoreNote5;
				PRODUCT_NAME = "$(TARGET_NAME)";
				PROVISIONING_PROFILE_SPECIFIER = "";
				SUPPORTED_PLATFORMS = "iphoneos iphonesimulator";
				SUPPORTS_MACCATALYST = NO;
				SUPPORTS_MAC_DESIGNED_FOR_IPHONE_IPAD = NO;
				SUPPORTS_XR_DESIGNED_FOR_IPHONE_IPAD = NO;
				SWIFT_EMIT_LOC_STRINGS = YES;
				TARGETED_DEVICE_FAMILY = 1;
			};
			name = Debug;
		};
		4D84F02427A38ACD0094558F /* Release */ = {
			isa = XCBuildConfiguration;
			baseConfigurationReference = A904947A77A6B2DC53742DFD /* Pods-scoreNote.release.xcconfig */;
			buildSettings = {
				ASSETCATALOG_COMPILER_APPICON_NAME = AppIcon;
				ASSETCATALOG_COMPILER_GLOBAL_ACCENT_COLOR_NAME = "";
				CODE_SIGN_IDENTITY = "Apple Development";
				CODE_SIGN_STYLE = Automatic;
				CURRENT_PROJECT_VERSION = 1;
				DEVELOPMENT_TEAM = LUKSH2E75G;
				EXCLUDED_ARCHS = "";
				GCC_PREFIX_HEADER = "$(SRCROOT)/scoreNote/Utils/CommonPrefix.pch";
				GENERATE_INFOPLIST_FILE = YES;
				INFOPLIST_FILE = scoreNote/Info.plist;
				INFOPLIST_KEY_CFBundleDisplayName = "进球笔记";
				INFOPLIST_KEY_UIApplicationSupportsIndirectInputEvents = YES;
				INFOPLIST_KEY_UILaunchStoryboardName = LaunchScreen;
				INFOPLIST_KEY_UISupportedInterfaceOrientations = UIInterfaceOrientationPortrait;
				INFOPLIST_KEY_UISupportedInterfaceOrientations_iPad = "UIInterfaceOrientationPortrait UIInterfaceOrientationPortraitUpsideDown UIInterfaceOrientationLandscapeLeft UIInterfaceOrientationLandscapeRight";
				INFOPLIST_KEY_UISupportedInterfaceOrientations_iPhone = "UIInterfaceOrientationPortrait UIInterfaceOrientationLandscapeLeft UIInterfaceOrientationLandscapeRight";
				INFOPLIST_KEY_UISupportsDocumentBrowser = YES;
				INFOPLIST_KEY_UIUserInterfaceStyle = Light;
				LD_RUNPATH_SEARCH_PATHS = (
					"$(inherited)",
					"@executable_path/Frameworks",
				);
				MARKETING_VERSION = 0.4.6;
				PRODUCT_BUNDLE_IDENTIFIER = com.junyu.scoreNote5;
				PRODUCT_NAME = "$(TARGET_NAME)";
				PROVISIONING_PROFILE_SPECIFIER = "";
				SUPPORTED_PLATFORMS = "iphoneos iphonesimulator";
				SUPPORTS_MACCATALYST = NO;
				SUPPORTS_MAC_DESIGNED_FOR_IPHONE_IPAD = NO;
				SUPPORTS_XR_DESIGNED_FOR_IPHONE_IPAD = NO;
				SWIFT_EMIT_LOC_STRINGS = YES;
				TARGETED_DEVICE_FAMILY = 1;
			};
			name = Release;
		};
		4D84F02627A38ACD0094558F /* Debug */ = {
			isa = XCBuildConfiguration;
			buildSettings = {
				BUNDLE_LOADER = "$(TEST_HOST)";
				CODE_SIGN_STYLE = Automatic;
				CURRENT_PROJECT_VERSION = 1;
				GENERATE_INFOPLIST_FILE = YES;
				IPHONEOS_DEPLOYMENT_TARGET = 15.2;
				MARKETING_VERSION = 1.0;
				PRODUCT_BUNDLE_IDENTIFIER = g.scoreNoteTests;
				PRODUCT_NAME = "$(TARGET_NAME)";
				SWIFT_EMIT_LOC_STRINGS = NO;
				TARGETED_DEVICE_FAMILY = "1,2";
				TEST_HOST = "$(BUILT_PRODUCTS_DIR)/scoreNote.app/scoreNote";
			};
			name = Debug;
		};
		4D84F02727A38ACD0094558F /* Release */ = {
			isa = XCBuildConfiguration;
			buildSettings = {
				BUNDLE_LOADER = "$(TEST_HOST)";
				CODE_SIGN_STYLE = Automatic;
				CURRENT_PROJECT_VERSION = 1;
				GENERATE_INFOPLIST_FILE = YES;
				IPHONEOS_DEPLOYMENT_TARGET = 15.2;
				MARKETING_VERSION = 1.0;
				PRODUCT_BUNDLE_IDENTIFIER = g.scoreNoteTests;
				PRODUCT_NAME = "$(TARGET_NAME)";
				SWIFT_EMIT_LOC_STRINGS = NO;
				TARGETED_DEVICE_FAMILY = "1,2";
				TEST_HOST = "$(BUILT_PRODUCTS_DIR)/scoreNote.app/scoreNote";
			};
			name = Release;
		};
		4D84F02927A38ACD0094558F /* Debug */ = {
			isa = XCBuildConfiguration;
			buildSettings = {
				CODE_SIGN_STYLE = Automatic;
				CURRENT_PROJECT_VERSION = 1;
				GENERATE_INFOPLIST_FILE = YES;
				MARKETING_VERSION = 1.0;
				PRODUCT_BUNDLE_IDENTIFIER = g.scoreNoteUITests;
				PRODUCT_NAME = "$(TARGET_NAME)";
				SWIFT_EMIT_LOC_STRINGS = NO;
				TARGETED_DEVICE_FAMILY = "1,2";
				TEST_TARGET_NAME = scoreNote;
			};
			name = Debug;
		};
		4D84F02A27A38ACD0094558F /* Release */ = {
			isa = XCBuildConfiguration;
			buildSettings = {
				CODE_SIGN_STYLE = Automatic;
				CURRENT_PROJECT_VERSION = 1;
				GENERATE_INFOPLIST_FILE = YES;
				MARKETING_VERSION = 1.0;
				PRODUCT_BUNDLE_IDENTIFIER = g.scoreNoteUITests;
				PRODUCT_NAME = "$(TARGET_NAME)";
				SWIFT_EMIT_LOC_STRINGS = NO;
				TARGETED_DEVICE_FAMILY = "1,2";
				TEST_TARGET_NAME = scoreNote;
			};
			name = Release;
		};
/* End XCBuildConfiguration section */

/* Begin XCConfigurationList section */
		4D84EFEB27A38AC80094558F /* Build configuration list for PBXProject "scoreNote" */ = {
			isa = XCConfigurationList;
			buildConfigurations = (
				4D84F02027A38ACD0094558F /* Debug */,
				4D84F02127A38ACD0094558F /* Release */,
			);
			defaultConfigurationIsVisible = 0;
			defaultConfigurationName = Release;
		};
		4D84F02227A38ACD0094558F /* Build configuration list for PBXNativeTarget "scoreNote" */ = {
			isa = XCConfigurationList;
			buildConfigurations = (
				4D84F02327A38ACD0094558F /* Debug */,
				4D84F02427A38ACD0094558F /* Release */,
			);
			defaultConfigurationIsVisible = 0;
			defaultConfigurationName = Release;
		};
		4D84F02527A38ACD0094558F /* Build configuration list for PBXNativeTarget "scoreNoteTests" */ = {
			isa = XCConfigurationList;
			buildConfigurations = (
				4D84F02627A38ACD0094558F /* Debug */,
				4D84F02727A38ACD0094558F /* Release */,
			);
			defaultConfigurationIsVisible = 0;
			defaultConfigurationName = Release;
		};
		4D84F02827A38ACD0094558F /* Build configuration list for PBXNativeTarget "scoreNoteUITests" */ = {
			isa = XCConfigurationList;
			buildConfigurations = (
				4D84F02927A38ACD0094558F /* Debug */,
				4D84F02A27A38ACD0094558F /* Release */,
			);
			defaultConfigurationIsVisible = 0;
			defaultConfigurationName = Release;
		};
/* End XCConfigurationList section */
	};
	rootObject = 4D84EFE827A38AC80094558F /* Project object */;
}
